
Microsoft Visual Studio Solution File, Format Version 12.00
# Visual Studio 15
VisualStudioVersion = 15.0.27428.2037
MinimumVisualStudioVersion = 10.0.40219.1
Project("{2150E333-8FDC-42A3-9474-1A3956D46DE8}") = "1.Data", "1.Data", "{DFB6CD02-EE0C-4BA2-9F3A-EE769AF952B9}"
EndProject
Project("{2150E333-8FDC-42A3-9474-1A3956D46DE8}") = "1.1 Contexts", "1.1 Contexts", "{0DD34953-F235-4D97-910F-EA1F7D7CF0C9}"
EndProject
Project("{2150E333-8FDC-42A3-9474-1A3956D46DE8}") = "EF", "EF", "{CA2EECAE-3E0F-4E4A-9D33-B5BFD3B0C76F}"
EndProject
Project("{2150E333-8FDC-42A3-9474-1A3956D46DE8}") = "1.2 Repositories", "1.2 Repositories", "{83E0D11E-2155-4D73-A5D0-88A824D9A31C}"
EndProject
Project("{2150E333-8FDC-42A3-9474-1A3956D46DE8}") = "1.3 Interfaces", "1.3 Interfaces", "{15CDD5A5-0B4B-45FF-B771-E6213F43A443}"
EndProject
Project("{FAE04EC0-301F-11D3-BF4B-00C04F79EFBC}") = "RepositoryEFDotnet.Contexts.EF.MySql", "Data\Contexts\EF\MySql\RepositoryEFDotnet.Contexts.EF.MySql.csproj", "{A7A2F791-518F-4A2F-B098-358CD4067B71}"
EndProject
Project("{FAE04EC0-301F-11D3-BF4B-00C04F79EFBC}") = "RepositoryEFDotnet.Contexts.EF.Oracle", "Data\Contexts\EF\Oracle\RepositoryEFDotnet.Contexts.EF.Oracle.csproj", "{7F55C86E-D2E1-49A7-9EF4-1AABFB94A4FE}"
EndProject
Project("{FAE04EC0-301F-11D3-BF4B-00C04F79EFBC}") = "RepositoryEFDotnet.Contexts.EF.SqlServer", "Data\Contexts\EF\SqlServer\RepositoryEFDotnet.Contexts.EF.SqlServer.csproj", "{23E0EDFF-BDFB-45E4-AC7B-31DDFA93AE1D}"
EndProject
Project("{9A19103F-16F7-4668-BE54-9A1E7A4F7556}") = "RepositoryEFDotnet.Data.Repositories.Repository", "Data\Repositories\Repository\RepositoryEFDotnet.Data.Repositories.Repository.csproj", "{DAB86AE4-F8E1-4D5E-BAF2-855D24D7A437}"
EndProject
Project("{2150E333-8FDC-42A3-9474-1A3956D46DE8}") = "1.4 Entities", "1.4 Entities", "{7DD8CB06-B007-4F1F-9489-2269D01798DB}"
EndProject
Project("{9A19103F-16F7-4668-BE54-9A1E7A4F7556}") = "RepositoryEFDotnet.Data.Entities.Entity", "Data\Entities\Entity\RepositoryEFDotnet.Data.Entities.Entity.csproj", "{017DA2AF-1FFD-4E68-9646-B0E5C73EA037}"
EndProject
Project("{2150E333-8FDC-42A3-9474-1A3956D46DE8}") = "1.5 ApplicationServices", "1.5 ApplicationServices", "{1F6F3C59-9268-4123-8EEE-EB16777445AA}"
EndProject
Project("{9A19103F-16F7-4668-BE54-9A1E7A4F7556}") = "RepositoryEFDotnet.Data.ApplicationServices.ApplicationService", "Data\ApplicationServices\ApplicationService\RepositoryEFDotnet.Data.ApplicationServices.ApplicationService.csproj", "{B0EEA88C-5CB1-4C8A-9C20-21A801DEBCD2}"
EndProject
Project("{2150E333-8FDC-42A3-9474-1A3956D46DE8}") = "1.6 Dtos", "1.6 Dtos", "{0FBF991C-AD67-45A6-A890-9040E08D6D57}"
EndProject
Project("{9A19103F-16F7-4668-BE54-9A1E7A4F7556}") = "RepositoryEFDotnet.Data.Dtos.Dto", "Data\Dtos\Dto\RepositoryEFDotnet.Data.Dtos.Dto.csproj", "{61D46A6E-4E3A-4D37-9169-AED9B277D33B}"
EndProject
Project("{2150E333-8FDC-42A3-9474-1A3956D46DE8}") = "2.Services", "2.Services", "{07269A7A-ABF8-47F3-9717-5F5BA73590F2}"
EndProject
Project("{2150E333-8FDC-42A3-9474-1A3956D46DE8}") = "3.Presentation", "3.Presentation", "{4F0545EB-413E-4D0C-894C-1DEEB0B22132}"
EndProject
Project("{FAE04EC0-301F-11D3-BF4B-00C04F79EFBC}") = "RepositoryEFDotnet.Contexts.EF.Base", "Data\Contexts\EF\Base\RepositoryEFDotnet.Contexts.EF.Base.csproj", "{A8511725-544E-49BD-8451-4C8638ADC5BA}"
EndProject
Project("{2150E333-8FDC-42A3-9474-1A3956D46DE8}") = "4. Core", "4. Core", "{0358EBCF-3298-4E75-AEF3-E0491F34541A}"
EndProject
Project("{9A19103F-16F7-4668-BE54-9A1E7A4F7556}") = "RepositoryEFDotnet.Core", "Core\RepositoryEFDotnet.Core.csproj", "{0333E000-6AAF-4E18-8747-2299A8231AB1}"
EndProject
Project("{9A19103F-16F7-4668-BE54-9A1E7A4F7556}") = "RepositoryEFDotnet.Data.Interface.ModelInterfaces", "Data\Interfaces\Interface\RepositoryEFDotnet.Data.Interface.ModelInterfaces.csproj", "{F49F5825-6F92-4B8D-AE30-59D43235974B}"
EndProject
Project("{9A19103F-16F7-4668-BE54-9A1E7A4F7556}") = "RepositoryEFDotnet.Data.Interface.RepositoryInterfaces", "Data\Interfaces\RepositoryInterfaces\RepositoryEFDotnet.Data.Interface.RepositoryInterfaces.csproj", "{69BF017D-9632-4BCA-859B-5D24A2C4B79A}"
EndProject
Project("{2150E333-8FDC-42A3-9474-1A3956D46DE8}") = "5. Tests", "5. Tests", "{23BCBB7F-56B2-4415-98BC-74F00E829053}"
EndProject
Project("{2150E333-8FDC-42A3-9474-1A3956D46DE8}") = "EFCore", "EFCore", "{E6A8C34C-9ECE-46AE-AC36-01F3CAF293C3}"
EndProject
Project("{9A19103F-16F7-4668-BE54-9A1E7A4F7556}") = "RepositoryEFDotnet.Contexts.EFCore.Base", "Data\Contexts\EFCore\Base\RepositoryEFDotnet.Contexts.EFCore.Base.csproj", "{B801261B-ECE7-4B9E-86C8-0B5F631B0065}"
EndProject
Project("{9A19103F-16F7-4668-BE54-9A1E7A4F7556}") = "RepositoryEFDotnet.Contexts.EFCore.SqlServer", "Data\Contexts\EFCore\SqlServer\RepositoryEFDotnet.Contexts.EFCore.SqlServer.csproj", "{098A8E5B-F469-4E24-B513-DDC0656B2E42}"
EndProject
Project("{9A19103F-16F7-4668-BE54-9A1E7A4F7556}") = "RepositoryEFDotnet.Contexts.EFCore.MySql", "Data\Contexts\EFCore\MySql\RepositoryEFDotnet.Contexts.EFCore.MySql.csproj", "{F5647C02-1232-42D4-935C-ADB9442FE96B}"
EndProject
Project("{9A19103F-16F7-4668-BE54-9A1E7A4F7556}") = "RepositoryEFDotnet.Contexts.EFCore.Oracle", "Data\Contexts\EFCore\Oracle\RepositoryEFDotnet.Contexts.EFCore.Oracle.csproj", "{ACCFC891-3499-4FC2-BCC9-67A77E1CE132}"
EndProject
Project("{2150E333-8FDC-42A3-9474-1A3956D46DE8}") = "NHibernate", "NHibernate", "{59453B38-9D13-4A2B-B66D-F5686055C1FF}"
EndProject
Project("{FAE04EC0-301F-11D3-BF4B-00C04F79EFBC}") = "DotNetScaffolder.Repository.UnitTests.EF", "RepositoryEFDotnet\Tests\EF\DotNetScaffolder.Repository.UnitTests.EF.csproj", "{49F96548-1A07-4930-8273-38D7C296B1CF}"
EndProject
Project("{FAE04EC0-301F-11D3-BF4B-00C04F79EFBC}") = "DotNetScaffolder.Repository.UnitTests.EFCore", "RepositoryEFDotnet\Tests\EFCore\DotNetScaffolder.Repository.UnitTests.EFCore.csproj", "{BE950B5D-03D0-4F11-8A08-AE35C1EAE76D}"
EndProject
Project("{FAE04EC0-301F-11D3-BF4B-00C04F79EFBC}") = "DotNetScaffolder.Repository.UnitTests.NHibernate", "RepositoryEFDotnet\Tests\NHibernate\DotNetScaffolder.Repository.UnitTests.NHibernate.csproj", "{858466F8-15BF-4061-B88E-7A4FA8E060FC}"
EndProject
Project("{FAE04EC0-301F-11D3-BF4B-00C04F79EFBC}") = "DotNetScaffolder.Repository.UnitTests.Base", "RepositoryEFDotnet\Tests\Base\DotNetScaffolder.Repository.UnitTests.Base.csproj", "{63198DD0-0BD2-4321-8768-FF14303610AA}"
EndProject
Project("{9A19103F-16F7-4668-BE54-9A1E7A4F7556}") = "RepositoryEFDotnet.Contexts.NHib.Base", "Data\Contexts\NHib\Base\RepositoryEFDotnet.Contexts.NHib.Base.csproj", "{15C80D7A-0311-4DD9-9383-BDE3A2C9B1D9}"
EndProject
Project("{9A19103F-16F7-4668-BE54-9A1E7A4F7556}") = "RepositoryEFDotnet.Contexts.NHib.MySql", "Data\Contexts\NHib\MySql\RepositoryEFDotnet.Contexts.NHib.MySql.csproj", "{0BA29331-41D7-4DE4-B2AB-0A297C8F6314}"
EndProject
Project("{9A19103F-16F7-4668-BE54-9A1E7A4F7556}") = "RepositoryEFDotnet.Contexts.NHib.Oracle", "Data\Contexts\NHib\Oracle\RepositoryEFDotnet.Contexts.NHib.Oracle.csproj", "{1A17E595-C9F1-4A7B-B273-19089A5D27ED}"
EndProject
Project("{9A19103F-16F7-4668-BE54-9A1E7A4F7556}") = "RepositoryEFDotnet.Contexts.NHib.SqlServer", "Data\Contexts\NHib\SqlServer\RepositoryEFDotnet.Contexts.NHib.SqlServer.csproj", "{440E3142-F770-4CD8-9CAC-BE5B053A78F2}"
EndProject
Project("{FAE04EC0-301F-11D3-BF4B-00C04F79EFBC}") = "RepositoryEFDotnet.Contexts.EF.Postgres", "Data\Contexts\EF\Postgres\RepositoryEFDotnet.Contexts.EF.Postgres.csproj", "{92933670-1454-4D0D-AE47-637147BFBAB8}"
EndProject
Global
	GlobalSection(SolutionConfigurationPlatforms) = preSolution
		Debug|Any CPU = Debug|Any CPU
		Release|Any CPU = Release|Any CPU
	EndGlobalSection
	GlobalSection(ProjectConfigurationPlatforms) = postSolution
		{A7A2F791-518F-4A2F-B098-358CD4067B71}.Debug|Any CPU.ActiveCfg = Debug|Any CPU
		{A7A2F791-518F-4A2F-B098-358CD4067B71}.Debug|Any CPU.Build.0 = Debug|Any CPU
		{A7A2F791-518F-4A2F-B098-358CD4067B71}.Release|Any CPU.ActiveCfg = Release|Any CPU
		{A7A2F791-518F-4A2F-B098-358CD4067B71}.Release|Any CPU.Build.0 = Release|Any CPU
		{7F55C86E-D2E1-49A7-9EF4-1AABFB94A4FE}.Debug|Any CPU.ActiveCfg = Debug|Any CPU
		{7F55C86E-D2E1-49A7-9EF4-1AABFB94A4FE}.Debug|Any CPU.Build.0 = Debug|Any CPU
		{7F55C86E-D2E1-49A7-9EF4-1AABFB94A4FE}.Release|Any CPU.ActiveCfg = Release|Any CPU
		{7F55C86E-D2E1-49A7-9EF4-1AABFB94A4FE}.Release|Any CPU.Build.0 = Release|Any CPU
		{23E0EDFF-BDFB-45E4-AC7B-31DDFA93AE1D}.Debug|Any CPU.ActiveCfg = Debug|Any CPU
		{23E0EDFF-BDFB-45E4-AC7B-31DDFA93AE1D}.Debug|Any CPU.Build.0 = Debug|Any CPU
		{23E0EDFF-BDFB-45E4-AC7B-31DDFA93AE1D}.Release|Any CPU.ActiveCfg = Release|Any CPU
		{23E0EDFF-BDFB-45E4-AC7B-31DDFA93AE1D}.Release|Any CPU.Build.0 = Release|Any CPU
		{DAB86AE4-F8E1-4D5E-BAF2-855D24D7A437}.Debug|Any CPU.ActiveCfg = Debug|Any CPU
		{DAB86AE4-F8E1-4D5E-BAF2-855D24D7A437}.Debug|Any CPU.Build.0 = Debug|Any CPU
		{DAB86AE4-F8E1-4D5E-BAF2-855D24D7A437}.Release|Any CPU.ActiveCfg = Release|Any CPU
		{DAB86AE4-F8E1-4D5E-BAF2-855D24D7A437}.Release|Any CPU.Build.0 = Release|Any CPU
		{017DA2AF-1FFD-4E68-9646-B0E5C73EA037}.Debug|Any CPU.ActiveCfg = Debug|Any CPU
		{017DA2AF-1FFD-4E68-9646-B0E5C73EA037}.Debug|Any CPU.Build.0 = Debug|Any CPU
		{017DA2AF-1FFD-4E68-9646-B0E5C73EA037}.Release|Any CPU.ActiveCfg = Release|Any CPU
		{017DA2AF-1FFD-4E68-9646-B0E5C73EA037}.Release|Any CPU.Build.0 = Release|Any CPU
		{B0EEA88C-5CB1-4C8A-9C20-21A801DEBCD2}.Debug|Any CPU.ActiveCfg = Debug|Any CPU
		{B0EEA88C-5CB1-4C8A-9C20-21A801DEBCD2}.Debug|Any CPU.Build.0 = Debug|Any CPU
		{B0EEA88C-5CB1-4C8A-9C20-21A801DEBCD2}.Release|Any CPU.ActiveCfg = Release|Any CPU
		{B0EEA88C-5CB1-4C8A-9C20-21A801DEBCD2}.Release|Any CPU.Build.0 = Release|Any CPU
		{61D46A6E-4E3A-4D37-9169-AED9B277D33B}.Debug|Any CPU.ActiveCfg = Debug|Any CPU
		{61D46A6E-4E3A-4D37-9169-AED9B277D33B}.Debug|Any CPU.Build.0 = Debug|Any CPU
		{61D46A6E-4E3A-4D37-9169-AED9B277D33B}.Release|Any CPU.ActiveCfg = Release|Any CPU
		{61D46A6E-4E3A-4D37-9169-AED9B277D33B}.Release|Any CPU.Build.0 = Release|Any CPU
		{A8511725-544E-49BD-8451-4C8638ADC5BA}.Debug|Any CPU.ActiveCfg = Debug|Any CPU
		{A8511725-544E-49BD-8451-4C8638ADC5BA}.Debug|Any CPU.Build.0 = Debug|Any CPU
		{A8511725-544E-49BD-8451-4C8638ADC5BA}.Release|Any CPU.ActiveCfg = Release|Any CPU
		{A8511725-544E-49BD-8451-4C8638ADC5BA}.Release|Any CPU.Build.0 = Release|Any CPU
		{0333E000-6AAF-4E18-8747-2299A8231AB1}.Debug|Any CPU.ActiveCfg = Debug|Any CPU
		{0333E000-6AAF-4E18-8747-2299A8231AB1}.Debug|Any CPU.Build.0 = Debug|Any CPU
		{0333E000-6AAF-4E18-8747-2299A8231AB1}.Release|Any CPU.ActiveCfg = Release|Any CPU
		{0333E000-6AAF-4E18-8747-2299A8231AB1}.Release|Any CPU.Build.0 = Release|Any CPU
		{F49F5825-6F92-4B8D-AE30-59D43235974B}.Debug|Any CPU.ActiveCfg = Debug|Any CPU
		{F49F5825-6F92-4B8D-AE30-59D43235974B}.Debug|Any CPU.Build.0 = Debug|Any CPU
		{F49F5825-6F92-4B8D-AE30-59D43235974B}.Release|Any CPU.ActiveCfg = Release|Any CPU
		{F49F5825-6F92-4B8D-AE30-59D43235974B}.Release|Any CPU.Build.0 = Release|Any CPU
		{69BF017D-9632-4BCA-859B-5D24A2C4B79A}.Debug|Any CPU.ActiveCfg = Debug|Any CPU
		{69BF017D-9632-4BCA-859B-5D24A2C4B79A}.Debug|Any CPU.Build.0 = Debug|Any CPU
		{69BF017D-9632-4BCA-859B-5D24A2C4B79A}.Release|Any CPU.ActiveCfg = Release|Any CPU
		{69BF017D-9632-4BCA-859B-5D24A2C4B79A}.Release|Any CPU.Build.0 = Release|Any CPU
		{B801261B-ECE7-4B9E-86C8-0B5F631B0065}.Debug|Any CPU.ActiveCfg = Debug|Any CPU
		{B801261B-ECE7-4B9E-86C8-0B5F631B0065}.Debug|Any CPU.Build.0 = Debug|Any CPU
		{B801261B-ECE7-4B9E-86C8-0B5F631B0065}.Release|Any CPU.ActiveCfg = Release|Any CPU
		{B801261B-ECE7-4B9E-86C8-0B5F631B0065}.Release|Any CPU.Build.0 = Release|Any CPU
		{098A8E5B-F469-4E24-B513-DDC0656B2E42}.Debug|Any CPU.ActiveCfg = Debug|Any CPU
		{098A8E5B-F469-4E24-B513-DDC0656B2E42}.Debug|Any CPU.Build.0 = Debug|Any CPU
		{098A8E5B-F469-4E24-B513-DDC0656B2E42}.Release|Any CPU.ActiveCfg = Release|Any CPU
		{098A8E5B-F469-4E24-B513-DDC0656B2E42}.Release|Any CPU.Build.0 = Release|Any CPU
		{F5647C02-1232-42D4-935C-ADB9442FE96B}.Debug|Any CPU.ActiveCfg = Debug|Any CPU
		{F5647C02-1232-42D4-935C-ADB9442FE96B}.Debug|Any CPU.Build.0 = Debug|Any CPU
		{F5647C02-1232-42D4-935C-ADB9442FE96B}.Release|Any CPU.ActiveCfg = Release|Any CPU
		{F5647C02-1232-42D4-935C-ADB9442FE96B}.Release|Any CPU.Build.0 = Release|Any CPU
		{ACCFC891-3499-4FC2-BCC9-67A77E1CE132}.Debug|Any CPU.ActiveCfg = Debug|Any CPU
		{ACCFC891-3499-4FC2-BCC9-67A77E1CE132}.Debug|Any CPU.Build.0 = Debug|Any CPU
		{ACCFC891-3499-4FC2-BCC9-67A77E1CE132}.Release|Any CPU.ActiveCfg = Release|Any CPU
		{ACCFC891-3499-4FC2-BCC9-67A77E1CE132}.Release|Any CPU.Build.0 = Release|Any CPU
		{49F96548-1A07-4930-8273-38D7C296B1CF}.Debug|Any CPU.ActiveCfg = Debug|Any CPU
		{49F96548-1A07-4930-8273-38D7C296B1CF}.Debug|Any CPU.Build.0 = Debug|Any CPU
		{49F96548-1A07-4930-8273-38D7C296B1CF}.Release|Any CPU.ActiveCfg = Release|Any CPU
		{49F96548-1A07-4930-8273-38D7C296B1CF}.Release|Any CPU.Build.0 = Release|Any CPU
		{BE950B5D-03D0-4F11-8A08-AE35C1EAE76D}.Debug|Any CPU.ActiveCfg = Debug|Any CPU
		{BE950B5D-03D0-4F11-8A08-AE35C1EAE76D}.Debug|Any CPU.Build.0 = Debug|Any CPU
		{BE950B5D-03D0-4F11-8A08-AE35C1EAE76D}.Release|Any CPU.ActiveCfg = Release|Any CPU
		{BE950B5D-03D0-4F11-8A08-AE35C1EAE76D}.Release|Any CPU.Build.0 = Release|Any CPU
		{858466F8-15BF-4061-B88E-7A4FA8E060FC}.Debug|Any CPU.ActiveCfg = Debug|Any CPU
		{858466F8-15BF-4061-B88E-7A4FA8E060FC}.Debug|Any CPU.Build.0 = Debug|Any CPU
		{858466F8-15BF-4061-B88E-7A4FA8E060FC}.Release|Any CPU.ActiveCfg = Release|Any CPU
		{858466F8-15BF-4061-B88E-7A4FA8E060FC}.Release|Any CPU.Build.0 = Release|Any CPU
		{63198DD0-0BD2-4321-8768-FF14303610AA}.Debug|Any CPU.ActiveCfg = Debug|Any CPU
		{63198DD0-0BD2-4321-8768-FF14303610AA}.Debug|Any CPU.Build.0 = Debug|Any CPU
		{63198DD0-0BD2-4321-8768-FF14303610AA}.Release|Any CPU.ActiveCfg = Release|Any CPU
		{63198DD0-0BD2-4321-8768-FF14303610AA}.Release|Any CPU.Build.0 = Release|Any CPU
		{15C80D7A-0311-4DD9-9383-BDE3A2C9B1D9}.Debug|Any CPU.ActiveCfg = Debug|Any CPU
		{15C80D7A-0311-4DD9-9383-BDE3A2C9B1D9}.Debug|Any CPU.Build.0 = Debug|Any CPU
		{15C80D7A-0311-4DD9-9383-BDE3A2C9B1D9}.Release|Any CPU.ActiveCfg = Release|Any CPU
		{15C80D7A-0311-4DD9-9383-BDE3A2C9B1D9}.Release|Any CPU.Build.0 = Release|Any CPU
		{0BA29331-41D7-4DE4-B2AB-0A297C8F6314}.Debug|Any CPU.ActiveCfg = Debug|Any CPU
		{0BA29331-41D7-4DE4-B2AB-0A297C8F6314}.Debug|Any CPU.Build.0 = Debug|Any CPU
		{0BA29331-41D7-4DE4-B2AB-0A297C8F6314}.Release|Any CPU.ActiveCfg = Release|Any CPU
		{0BA29331-41D7-4DE4-B2AB-0A297C8F6314}.Release|Any CPU.Build.0 = Release|Any CPU
		{1A17E595-C9F1-4A7B-B273-19089A5D27ED}.Debug|Any CPU.ActiveCfg = Debug|Any CPU
		{1A17E595-C9F1-4A7B-B273-19089A5D27ED}.Debug|Any CPU.Build.0 = Debug|Any CPU
		{1A17E595-C9F1-4A7B-B273-19089A5D27ED}.Release|Any CPU.ActiveCfg = Release|Any CPU
		{1A17E595-C9F1-4A7B-B273-19089A5D27ED}.Release|Any CPU.Build.0 = Release|Any CPU
		{440E3142-F770-4CD8-9CAC-BE5B053A78F2}.Debug|Any CPU.ActiveCfg = Debug|Any CPU
		{440E3142-F770-4CD8-9CAC-BE5B053A78F2}.Debug|Any CPU.Build.0 = Debug|Any CPU
		{440E3142-F770-4CD8-9CAC-BE5B053A78F2}.Release|Any CPU.ActiveCfg = Release|Any CPU
		{440E3142-F770-4CD8-9CAC-BE5B053A78F2}.Release|Any CPU.Build.0 = Release|Any CPU
		{92933670-1454-4D0D-AE47-637147BFBAB8}.Debug|Any CPU.ActiveCfg = Debug|Any CPU
		{92933670-1454-4D0D-AE47-637147BFBAB8}.Debug|Any CPU.Build.0 = Debug|Any CPU
		{92933670-1454-4D0D-AE47-637147BFBAB8}.Release|Any CPU.ActiveCfg = Release|Any CPU
		{92933670-1454-4D0D-AE47-637147BFBAB8}.Release|Any CPU.Build.0 = Release|Any CPU
	EndGlobalSection
	GlobalSection(SolutionProperties) = preSolution
		HideSolutionNode = FALSE
	EndGlobalSection
	GlobalSection(NestedProjects) = preSolution
		{0DD34953-F235-4D97-910F-EA1F7D7CF0C9} = {DFB6CD02-EE0C-4BA2-9F3A-EE769AF952B9}
		{CA2EECAE-3E0F-4E4A-9D33-B5BFD3B0C76F} = {0DD34953-F235-4D97-910F-EA1F7D7CF0C9}
		{83E0D11E-2155-4D73-A5D0-88A824D9A31C} = {DFB6CD02-EE0C-4BA2-9F3A-EE769AF952B9}
		{15CDD5A5-0B4B-45FF-B771-E6213F43A443} = {DFB6CD02-EE0C-4BA2-9F3A-EE769AF952B9}
		{A7A2F791-518F-4A2F-B098-358CD4067B71} = {CA2EECAE-3E0F-4E4A-9D33-B5BFD3B0C76F}
		{7F55C86E-D2E1-49A7-9EF4-1AABFB94A4FE} = {CA2EECAE-3E0F-4E4A-9D33-B5BFD3B0C76F}
		{23E0EDFF-BDFB-45E4-AC7B-31DDFA93AE1D} = {CA2EECAE-3E0F-4E4A-9D33-B5BFD3B0C76F}
		{DAB86AE4-F8E1-4D5E-BAF2-855D24D7A437} = {83E0D11E-2155-4D73-A5D0-88A824D9A31C}
		{7DD8CB06-B007-4F1F-9489-2269D01798DB} = {DFB6CD02-EE0C-4BA2-9F3A-EE769AF952B9}
		{017DA2AF-1FFD-4E68-9646-B0E5C73EA037} = {7DD8CB06-B007-4F1F-9489-2269D01798DB}
		{1F6F3C59-9268-4123-8EEE-EB16777445AA} = {DFB6CD02-EE0C-4BA2-9F3A-EE769AF952B9}
		{B0EEA88C-5CB1-4C8A-9C20-21A801DEBCD2} = {1F6F3C59-9268-4123-8EEE-EB16777445AA}
		{0FBF991C-AD67-45A6-A890-9040E08D6D57} = {DFB6CD02-EE0C-4BA2-9F3A-EE769AF952B9}
		{61D46A6E-4E3A-4D37-9169-AED9B277D33B} = {0FBF991C-AD67-45A6-A890-9040E08D6D57}
		{A8511725-544E-49BD-8451-4C8638ADC5BA} = {CA2EECAE-3E0F-4E4A-9D33-B5BFD3B0C76F}
		{0333E000-6AAF-4E18-8747-2299A8231AB1} = {0358EBCF-3298-4E75-AEF3-E0491F34541A}
		{F49F5825-6F92-4B8D-AE30-59D43235974B} = {15CDD5A5-0B4B-45FF-B771-E6213F43A443}
		{69BF017D-9632-4BCA-859B-5D24A2C4B79A} = {15CDD5A5-0B4B-45FF-B771-E6213F43A443}
		{E6A8C34C-9ECE-46AE-AC36-01F3CAF293C3} = {0DD34953-F235-4D97-910F-EA1F7D7CF0C9}
		{B801261B-ECE7-4B9E-86C8-0B5F631B0065} = {E6A8C34C-9ECE-46AE-AC36-01F3CAF293C3}
		{098A8E5B-F469-4E24-B513-DDC0656B2E42} = {E6A8C34C-9ECE-46AE-AC36-01F3CAF293C3}
		{F5647C02-1232-42D4-935C-ADB9442FE96B} = {E6A8C34C-9ECE-46AE-AC36-01F3CAF293C3}
		{ACCFC891-3499-4FC2-BCC9-67A77E1CE132} = {E6A8C34C-9ECE-46AE-AC36-01F3CAF293C3}
		{59453B38-9D13-4A2B-B66D-F5686055C1FF} = {0DD34953-F235-4D97-910F-EA1F7D7CF0C9}
		{49F96548-1A07-4930-8273-38D7C296B1CF} = {23BCBB7F-56B2-4415-98BC-74F00E829053}
		{BE950B5D-03D0-4F11-8A08-AE35C1EAE76D} = {23BCBB7F-56B2-4415-98BC-74F00E829053}
		{858466F8-15BF-4061-B88E-7A4FA8E060FC} = {23BCBB7F-56B2-4415-98BC-74F00E829053}
		{63198DD0-0BD2-4321-8768-FF14303610AA} = {23BCBB7F-56B2-4415-98BC-74F00E829053}
		{15C80D7A-0311-4DD9-9383-BDE3A2C9B1D9} = {59453B38-9D13-4A2B-B66D-F5686055C1FF}
		{0BA29331-41D7-4DE4-B2AB-0A297C8F6314} = {59453B38-9D13-4A2B-B66D-F5686055C1FF}
		{1A17E595-C9F1-4A7B-B273-19089A5D27ED} = {59453B38-9D13-4A2B-B66D-F5686055C1FF}
		{440E3142-F770-4CD8-9CAC-BE5B053A78F2} = {59453B38-9D13-4A2B-B66D-F5686055C1FF}
		{92933670-1454-4D0D-AE47-637147BFBAB8} = {CA2EECAE-3E0F-4E4A-9D33-B5BFD3B0C76F}
	EndGlobalSection
	GlobalSection(ExtensibilityGlobals) = postSolution
		SolutionGuid = {BAAA9DC0-A104-423F-8507-710C11070DF0}
	EndGlobalSection
EndGlobal
