
Microsoft Visual Studio Solution File, Format Version 12.00
# Visual Studio 15
VisualStudioVersion = 15.0.27428.2037
MinimumVisualStudioVersion = 10.0.40219.1
Project("{2150E333-8FDC-42A3-9474-1A3956D46DE8}") = "1.Data", "1.Data", "{DFB6CD02-EE0C-4BA2-9F3A-EE769AF952B9}"
EndProject
Project("{2150E333-8FDC-42A3-9474-1A3956D46DE8}") = "1.1 Contexts", "1.1 Contexts", "{0DD34953-F235-4D97-910F-EA1F7D7CF0C9}"
EndProject
Project("{2150E333-8FDC-42A3-9474-1A3956D46DE8}") = "EF", "EF", "{CA2EECAE-3E0F-4E4A-9D33-B5BFD3B0C76F}"
EndProject
Project("{2150E333-8FDC-42A3-9474-1A3956D46DE8}") = "1.2 Repositories", "1.2 Repositories", "{83E0D11E-2155-4D73-A5D0-88A824D9A31C}"
EndProject
Project("{2150E333-8FDC-42A3-9474-1A3956D46DE8}") = "1.3 Interfaces", "1.3 Interfaces", "{15CDD5A5-0B4B-45FF-B771-E6213F43A443}"
EndProject
Project("{FAE04EC0-301F-11D3-BF4B-00C04F79EFBC}") = "DotNetScaffolder.Domain.Data.Contexts.EF.MySql", "Data\Contexts\EF\MySql\DotNetScaffolder.Domain.Data.Contexts.EF.MySql.csproj", "{A7A2F791-518F-4A2F-B098-358CD4067B71}"
EndProject
Project("{FAE04EC0-301F-11D3-BF4B-00C04F79EFBC}") = "DotNetScaffolder.Domain.Data.Contexts.EF.Oracle", "Data\Contexts\EF\Oracle\DotNetScaffolder.Domain.Data.Contexts.EF.Oracle.csproj", "{7F55C86E-D2E1-49A7-9EF4-1AABFB94A4FE}"
EndProject
Project("{FAE04EC0-301F-11D3-BF4B-00C04F79EFBC}") = "DotNetScaffolder.Domain.Data.Contexts.EF.SqlServer", "Data\Contexts\EF\SqlServer\DotNetScaffolder.Domain.Data.Contexts.EF.SqlServer.csproj", "{23E0EDFF-BDFB-45E4-AC7B-31DDFA93AE1D}"
EndProject
Project("{9A19103F-16F7-4668-BE54-9A1E7A4F7556}") = "DotNetScaffolder.Domain.Data.Repositories.Repository", "Data\Repositories\Repository\DotNetScaffolder.Domain.Data.Repositories.Repository.csproj", "{DAB86AE4-F8E1-4D5E-BAF2-855D24D7A437}"
EndProject
Project("{2150E333-8FDC-42A3-9474-1A3956D46DE8}") = "1.4 Entities", "1.4 Entities", "{7DD8CB06-B007-4F1F-9489-2269D01798DB}"
EndProject
Project("{2150E333-8FDC-42A3-9474-1A3956D46DE8}") = "1.5 ApplicationServices", "1.5 ApplicationServices", "{1F6F3C59-9268-4123-8EEE-EB16777445AA}"
EndProject
Project("{9A19103F-16F7-4668-BE54-9A1E7A4F7556}") = "DotNetScaffolder.Domain.Data.ApplicationServices.ApplicationService", "Data\ApplicationServices\ApplicationService\DotNetScaffolder.Domain.Data.ApplicationServices.ApplicationService.csproj", "{B0EEA88C-5CB1-4C8A-9C20-21A801DEBCD2}"
EndProject
Project("{2150E333-8FDC-42A3-9474-1A3956D46DE8}") = "1.6 Dtos", "1.6 Dtos", "{0FBF991C-AD67-45A6-A890-9040E08D6D57}"
EndProject
Project("{9A19103F-16F7-4668-BE54-9A1E7A4F7556}") = "DotNetScaffolder.Domain.Data.Dtos.DefaultDto", "Data\Dtos\Dto\DotNetScaffolder.Domain.Data.Dtos.DefaultDto.csproj", "{61D46A6E-4E3A-4D37-9169-AED9B277D33B}"
EndProject
Project("{2150E333-8FDC-42A3-9474-1A3956D46DE8}") = "2.Services", "2.Services", "{07269A7A-ABF8-47F3-9717-5F5BA73590F2}"
EndProject
Project("{2150E333-8FDC-42A3-9474-1A3956D46DE8}") = "3.Presentation", "3.Presentation", "{4F0545EB-413E-4D0C-894C-1DEEB0B22132}"
EndProject
Project("{FAE04EC0-301F-11D3-BF4B-00C04F79EFBC}") = "DotNetScaffolder.Domain.Data.Contexts.EF.Base", "Data\Contexts\EF\Base\DotNetScaffolder.Domain.Data.Contexts.EF.Base.csproj", "{A8511725-544E-49BD-8451-4C8638ADC5BA}"
EndProject
Project("{2150E333-8FDC-42A3-9474-1A3956D46DE8}") = "4. Core", "4. Core", "{0358EBCF-3298-4E75-AEF3-E0491F34541A}"
EndProject
Project("{9A19103F-16F7-4668-BE54-9A1E7A4F7556}") = "DotNetScaffolder.Domain.Core", "Core\DotNetScaffolder.Domain.Core.csproj", "{0333E000-6AAF-4E18-8747-2299A8231AB1}"
EndProject
Project("{9A19103F-16F7-4668-BE54-9A1E7A4F7556}") = "DotNetScaffolder.Domain.Data.Interfaces.ModelInterfaces", "Data\Interfaces\Interface\DotNetScaffolder.Domain.Data.Interfaces.ModelInterfaces.csproj", "{F49F5825-6F92-4B8D-AE30-59D43235974B}"
EndProject
Project("{9A19103F-16F7-4668-BE54-9A1E7A4F7556}") = "DotNetScaffolder.Domain.Data.Interfaces.RepositoryInterfaces", "Data\Interfaces\RepositoryInterfaces\DotNetScaffolder.Domain.Data.Interfaces.RepositoryInterfaces.csproj", "{69BF017D-9632-4BCA-859B-5D24A2C4B79A}"
EndProject
Project("{2150E333-8FDC-42A3-9474-1A3956D46DE8}") = "1.7 Tests", "1.7 Tests", "{23BCBB7F-56B2-4415-98BC-74F00E829053}"
EndProject
Project("{2150E333-8FDC-42A3-9474-1A3956D46DE8}") = "EFCore", "EFCore", "{E6A8C34C-9ECE-46AE-AC36-01F3CAF293C3}"
EndProject
Project("{9A19103F-16F7-4668-BE54-9A1E7A4F7556}") = "DotNetScaffolder.Domain.Data.Contexts.EFCore.Base", "Data\Contexts\EFCore\Base\DotNetScaffolder.Domain.Data.Contexts.EFCore.Base.csproj", "{B801261B-ECE7-4B9E-86C8-0B5F631B0065}"
EndProject
Project("{9A19103F-16F7-4668-BE54-9A1E7A4F7556}") = "DotNetScaffolder.Domain.Data.Contexts.EFCore.MySql", "Data\Contexts\EFCore\MySql\DotNetScaffolder.Domain.Data.Contexts.EFCore.MySql.csproj", "{F5647C02-1232-42D4-935C-ADB9442FE96B}"
EndProject
Project("{9A19103F-16F7-4668-BE54-9A1E7A4F7556}") = "DotNetScaffolder.Domain.Data.Contexts.EFCore.Oracle", "Data\Contexts\EFCore\Oracle\DotNetScaffolder.Domain.Data.Contexts.EFCore.Oracle.csproj", "{ACCFC891-3499-4FC2-BCC9-67A77E1CE132}"
EndProject
Project("{2150E333-8FDC-42A3-9474-1A3956D46DE8}") = "NHibernate", "NHibernate", "{59453B38-9D13-4A2B-B66D-F5686055C1FF}"
EndProject
Project("{9A19103F-16F7-4668-BE54-9A1E7A4F7556}") = "DotNetScaffolder.Domain.Data.Contexts.NHib.Base", "Data\Contexts\NHib\Base\DotNetScaffolder.Domain.Data.Contexts.NHib.Base.csproj", "{15C80D7A-0311-4DD9-9383-BDE3A2C9B1D9}"
EndProject
Project("{9A19103F-16F7-4668-BE54-9A1E7A4F7556}") = "DotNetScaffolder.Domain.Data.Contexts.NHib.MySql", "Data\Contexts\NHib\MySql\DotNetScaffolder.Domain.Data.Contexts.NHib.MySql.csproj", "{0BA29331-41D7-4DE4-B2AB-0A297C8F6314}"
EndProject
Project("{9A19103F-16F7-4668-BE54-9A1E7A4F7556}") = "DotNetScaffolder.Domain.Data.Contexts.NHib.Oracle", "Data\Contexts\NHib\Oracle\DotNetScaffolder.Domain.Data.Contexts.NHib.Oracle.csproj", "{1A17E595-C9F1-4A7B-B273-19089A5D27ED}"
EndProject
Project("{9A19103F-16F7-4668-BE54-9A1E7A4F7556}") = "DotNetScaffolder.Domain.Data.Contexts.NHib.SqlServer", "Data\Contexts\NHib\SqlServer\DotNetScaffolder.Domain.Data.Contexts.NHib.SqlServer.csproj", "{440E3142-F770-4CD8-9CAC-BE5B053A78F2}"
EndProject
Project("{9A19103F-16F7-4668-BE54-9A1E7A4F7556}") = "DotNetScaffolder.Domain.Data.Interfaces.ApplicationServiceInterfaces", "Data\Interfaces\ApplicationService\DotNetScaffolder.Domain.Data.Interfaces.ApplicationServiceInterfaces.csproj", "{6AF84D11-0292-4149-9E09-E752D85CAFBA}"
EndProject
Project("{FAE04EC0-301F-11D3-BF4B-00C04F79EFBC}") = "DotNetScaffolder.Domain.Data.Contexts.EF.Postgres", "Data\Contexts\EF\Postgres\DotNetScaffolder.Domain.Data.Contexts.EF.Postgres.csproj", "{487D750D-5973-4618-BDA6-3175D344F9FF}"
EndProject
Project("{FAE04EC0-301F-11D3-BF4B-00C04F79EFBC}") = "DotNetScaffolder.Repository.UnitTests.Base", "Data\Tests\Base\DotNetScaffolder.Repository.UnitTests.Base.csproj", "{63198DD0-0BD2-4321-8768-FF14303610AA}"
EndProject
Project("{2150E333-8FDC-42A3-9474-1A3956D46DE8}") = "WebApi", "WebApi", "{7C44558F-8292-4450-8DFC-8A6FFD8199BB}"
EndProject
Project("{9A19103F-16F7-4668-BE54-9A1E7A4F7556}") = "DotNetScaffolder.IdentityServer.Services.WebApi.IdentityServer", "Services\WebApi\IdentityServer\DotNetScaffolder.IdentityServer.Services.WebApi.IdentityServer.csproj", "{9ADB4673-333A-4400-8806-B4093E10444C}"
EndProject
Project("{2150E333-8FDC-42A3-9474-1A3956D46DE8}") = "5. Tests", "5. Tests", "{E159F450-4D74-4605-B58F-C3471DF32DFE}"
EndProject
Project("{2150E333-8FDC-42A3-9474-1A3956D46DE8}") = "Authorisation", "Authorisation", "{43B583FA-1732-4B38-B6B6-F41B38989F77}"
EndProject
Project("{9A19103F-16F7-4668-BE54-9A1E7A4F7556}") = "Api", "Test\Authorisation\Api\Api.csproj", "{89A39C2E-10E5-4F5B-B375-40B323BAAD14}"
EndProject
Project("{9A19103F-16F7-4668-BE54-9A1E7A4F7556}") = "Client", "Test\Authorisation\Client\Client.csproj", "{9D196E9D-C2CA-41FF-A741-4CB07C859DD4}"
EndProject
Project("{9A19103F-16F7-4668-BE54-9A1E7A4F7556}") = "MVCClient", "Test\Authorisation\MVCClient\MVCClient.csproj", "{3ACEE351-D423-460E-BF17-9C68D57CC393}"
EndProject
Project("{9A19103F-16F7-4668-BE54-9A1E7A4F7556}") = "DotNetScaffolder.Domain.Services.WebApi.Default", "Services\WebApi\Default\DotNetScaffolder.Domain.Services.WebApi.Default.csproj", "{049BE09B-DD33-4769-96CB-290CF135C5C9}"
EndProject
Project("{2150E333-8FDC-42A3-9474-1A3956D46DE8}") = "6. Infrastructure", "6. Infrastructure", "{3CF5603F-48DE-445A-8263-EE73A4C665CB}"
EndProject
Project("{2150E333-8FDC-42A3-9474-1A3956D46DE8}") = "6.1 Web", "6.1 Web", "{7F47F431-FB63-4FA4-96C9-5589EBB69669}"
EndProject
Project("{9A19103F-16F7-4668-BE54-9A1E7A4F7556}") = "DotNetScaffolder.Domain.Infrastructure.Web.Core", "Infrastructure\Web\Core\DotNetScaffolder.Domain.Infrastructure.Web.Core.csproj", "{6D7928A5-57A1-4590-962B-79F9C550F3E7}"
EndProject
Project("{2150E333-8FDC-42A3-9474-1A3956D46DE8}") = "1.8 Migrations", "1.8 Migrations", "{7F42151D-478B-4A19-805E-5E838815AD89}"
EndProject
Project("{2150E333-8FDC-42A3-9474-1A3956D46DE8}") = "EFCore", "EFCore", "{91598A6C-6C81-483B-AFD3-A324048DD429}"
EndProject
Project("{9A19103F-16F7-4668-BE54-9A1E7A4F7556}") = "DotNetScaffolder.Domain.Migrations.EFCore.SqlServer", "Data\Migrations\EFCore\SqlServer\DotNetScaffolder.Domain.Migrations.EFCore.SqlServer.csproj", "{2F56E607-9161-4F2C-891A-67E7EC1D7609}"
EndProject
Project("{2150E333-8FDC-42A3-9474-1A3956D46DE8}") = "EF", "EF", "{1DB84051-AD98-438A-BB4B-32AA3482065C}"
EndProject
Project("{FAE04EC0-301F-11D3-BF4B-00C04F79EFBC}") = "DotNetScaffolder.Domain.Migrations.EF.SqlServer", "Data\Migrations\EF\SqlServer\DotNetScaffolder.Domain.Migrations.EF.SqlServer.csproj", "{B7A9A28A-504E-408E-89DC-76E20BD892DB}"
EndProject
Project("{9A19103F-16F7-4668-BE54-9A1E7A4F7556}") = "DotNetScaffolder.Domain.Data.Contexts.EFCore.Postgres", "Data\Contexts\EFCore\Postgres\DotNetScaffolder.Domain.Data.Contexts.EFCore.Postgres.csproj", "{75DD96E9-EB1D-43B5-A822-63B8B3368E78}"
EndProject
Project("{9A19103F-16F7-4668-BE54-9A1E7A4F7556}") = "DotNetScaffolder.Domain.Data.Contexts.EFCore.Seed", "Data\Contexts\EFCore\Seed\DotNetScaffolder.Domain.Data.Contexts.EFCore.Seed.csproj", "{41736B2A-4185-4130-8FA0-B90958D035D1}"
EndProject
Project("{9A19103F-16F7-4668-BE54-9A1E7A4F7556}") = "DotNetScaffolder.Domain.Data.Entities.DefaultEntity", "Data\Entities\Entity\DotNetScaffolder.Domain.Data.Entities.DefaultEntity.csproj", "{83F99B9D-6D44-47CE-9AEC-6BF50D211CC5}"
EndProject
Project("{9A19103F-16F7-4668-BE54-9A1E7A4F7556}") = "DotNetScaffolder.Domain.Data.Contexts.EFCore.SqlServer", "Data\Contexts\EFCore\SqlServer\DotNetScaffolder.Domain.Data.Contexts.EFCore.SqlServer.csproj", "{A5098BC6-1487-4460-A94F-2BFACEF2E522}"
EndProject
Project("{9A19103F-16F7-4668-BE54-9A1E7A4F7556}") = "DotNetScaffolder.Domain.Migrations.EFCore.MySql", "Data\Migrations\EFCore\MySql\DotNetScaffolder.Domain.Migrations.EFCore.MySql.csproj", "{352AB333-6F1E-4843-869B-DF38D84E92BA}"
EndProject
Project("{9A19103F-16F7-4668-BE54-9A1E7A4F7556}") = "DotNetScaffolder.Domain.Migrations.EFCore.Postgres", "Data\Migrations\EFCore\Postgres\DotNetScaffolder.Domain.Migrations.EFCore.Postgres.csproj", "{F151C5C9-E224-49AF-B283-562321C9AA9E}"
EndProject
Project("{9A19103F-16F7-4668-BE54-9A1E7A4F7556}") = "DotNetScaffolder.Domain.Data.ApplicationServices.WebApiApplicationService", "Data\ApplicationServices\WebApiApplication\DotNetScaffolder.Domain.Data.ApplicationServices.WebApiApplicationService.csproj", "{26A1E11C-F52E-4821-B401-D8FBEF1847DF}"
EndProject
Project("{2150E333-8FDC-42A3-9474-1A3956D46DE8}") = "2.1 Tests", "2.1 Tests", "{4836BD75-4352-4FCB-8CF5-B4396220F801}"
EndProject
Project("{2150E333-8FDC-42A3-9474-1A3956D46DE8}") = "2.1.1 WebApi", "2.1.1 WebApi", "{5D1510D0-A67A-4A3E-B544-9B82AB5FF08F}"
EndProject
Project("{9A19103F-16F7-4668-BE54-9A1E7A4F7556}") = "DotNetScaffolder.Domain.Services.Tests.WebApi.Integration", "Services\WebApi\Tests\Integration\DotNetScaffolder.Domain.Services.Tests.WebApi.Integration.csproj", "{BBC29513-6E0E-4B5B-8BA3-88EFB49531BC}"
EndProject
Global
	GlobalSection(SolutionConfigurationPlatforms) = preSolution
		Debug|Any CPU = Debug|Any CPU
		Release|Any CPU = Release|Any CPU
	EndGlobalSection
	GlobalSection(ProjectConfigurationPlatforms) = postSolution
		{A7A2F791-518F-4A2F-B098-358CD4067B71}.Debug|Any CPU.ActiveCfg = Debug|Any CPU
		{A7A2F791-518F-4A2F-B098-358CD4067B71}.Debug|Any CPU.Build.0 = Debug|Any CPU
		{A7A2F791-518F-4A2F-B098-358CD4067B71}.Release|Any CPU.ActiveCfg = Release|Any CPU
		{A7A2F791-518F-4A2F-B098-358CD4067B71}.Release|Any CPU.Build.0 = Release|Any CPU
		{7F55C86E-D2E1-49A7-9EF4-1AABFB94A4FE}.Debug|Any CPU.ActiveCfg = Debug|Any CPU
		{7F55C86E-D2E1-49A7-9EF4-1AABFB94A4FE}.Debug|Any CPU.Build.0 = Debug|Any CPU
		{7F55C86E-D2E1-49A7-9EF4-1AABFB94A4FE}.Release|Any CPU.ActiveCfg = Release|Any CPU
		{7F55C86E-D2E1-49A7-9EF4-1AABFB94A4FE}.Release|Any CPU.Build.0 = Release|Any CPU
		{23E0EDFF-BDFB-45E4-AC7B-31DDFA93AE1D}.Debug|Any CPU.ActiveCfg = Debug|Any CPU
		{23E0EDFF-BDFB-45E4-AC7B-31DDFA93AE1D}.Debug|Any CPU.Build.0 = Debug|Any CPU
		{23E0EDFF-BDFB-45E4-AC7B-31DDFA93AE1D}.Release|Any CPU.ActiveCfg = Release|Any CPU
		{23E0EDFF-BDFB-45E4-AC7B-31DDFA93AE1D}.Release|Any CPU.Build.0 = Release|Any CPU
		{DAB86AE4-F8E1-4D5E-BAF2-855D24D7A437}.Debug|Any CPU.ActiveCfg = Debug|Any CPU
		{DAB86AE4-F8E1-4D5E-BAF2-855D24D7A437}.Debug|Any CPU.Build.0 = Debug|Any CPU
		{DAB86AE4-F8E1-4D5E-BAF2-855D24D7A437}.Release|Any CPU.ActiveCfg = Release|Any CPU
		{DAB86AE4-F8E1-4D5E-BAF2-855D24D7A437}.Release|Any CPU.Build.0 = Release|Any CPU
		{B0EEA88C-5CB1-4C8A-9C20-21A801DEBCD2}.Debug|Any CPU.ActiveCfg = Debug|Any CPU
		{B0EEA88C-5CB1-4C8A-9C20-21A801DEBCD2}.Debug|Any CPU.Build.0 = Debug|Any CPU
		{B0EEA88C-5CB1-4C8A-9C20-21A801DEBCD2}.Release|Any CPU.ActiveCfg = Release|Any CPU
		{B0EEA88C-5CB1-4C8A-9C20-21A801DEBCD2}.Release|Any CPU.Build.0 = Release|Any CPU
		{61D46A6E-4E3A-4D37-9169-AED9B277D33B}.Debug|Any CPU.ActiveCfg = Debug|Any CPU
		{61D46A6E-4E3A-4D37-9169-AED9B277D33B}.Debug|Any CPU.Build.0 = Debug|Any CPU
		{61D46A6E-4E3A-4D37-9169-AED9B277D33B}.Release|Any CPU.ActiveCfg = Release|Any CPU
		{61D46A6E-4E3A-4D37-9169-AED9B277D33B}.Release|Any CPU.Build.0 = Release|Any CPU
		{A8511725-544E-49BD-8451-4C8638ADC5BA}.Debug|Any CPU.ActiveCfg = Debug|Any CPU
		{A8511725-544E-49BD-8451-4C8638ADC5BA}.Debug|Any CPU.Build.0 = Debug|Any CPU
		{A8511725-544E-49BD-8451-4C8638ADC5BA}.Release|Any CPU.ActiveCfg = Release|Any CPU
		{A8511725-544E-49BD-8451-4C8638ADC5BA}.Release|Any CPU.Build.0 = Release|Any CPU
		{0333E000-6AAF-4E18-8747-2299A8231AB1}.Debug|Any CPU.ActiveCfg = Debug|Any CPU
		{0333E000-6AAF-4E18-8747-2299A8231AB1}.Debug|Any CPU.Build.0 = Debug|Any CPU
		{0333E000-6AAF-4E18-8747-2299A8231AB1}.Release|Any CPU.ActiveCfg = Release|Any CPU
		{0333E000-6AAF-4E18-8747-2299A8231AB1}.Release|Any CPU.Build.0 = Release|Any CPU
		{F49F5825-6F92-4B8D-AE30-59D43235974B}.Debug|Any CPU.ActiveCfg = Debug|Any CPU
		{F49F5825-6F92-4B8D-AE30-59D43235974B}.Debug|Any CPU.Build.0 = Debug|Any CPU
		{F49F5825-6F92-4B8D-AE30-59D43235974B}.Release|Any CPU.ActiveCfg = Release|Any CPU
		{F49F5825-6F92-4B8D-AE30-59D43235974B}.Release|Any CPU.Build.0 = Release|Any CPU
		{69BF017D-9632-4BCA-859B-5D24A2C4B79A}.Debug|Any CPU.ActiveCfg = Debug|Any CPU
		{69BF017D-9632-4BCA-859B-5D24A2C4B79A}.Debug|Any CPU.Build.0 = Debug|Any CPU
		{69BF017D-9632-4BCA-859B-5D24A2C4B79A}.Release|Any CPU.ActiveCfg = Release|Any CPU
		{69BF017D-9632-4BCA-859B-5D24A2C4B79A}.Release|Any CPU.Build.0 = Release|Any CPU
		{B801261B-ECE7-4B9E-86C8-0B5F631B0065}.Debug|Any CPU.ActiveCfg = Debug|Any CPU
		{B801261B-ECE7-4B9E-86C8-0B5F631B0065}.Debug|Any CPU.Build.0 = Debug|Any CPU
		{B801261B-ECE7-4B9E-86C8-0B5F631B0065}.Release|Any CPU.ActiveCfg = Release|Any CPU
		{B801261B-ECE7-4B9E-86C8-0B5F631B0065}.Release|Any CPU.Build.0 = Release|Any CPU
		{F5647C02-1232-42D4-935C-ADB9442FE96B}.Debug|Any CPU.ActiveCfg = Debug|Any CPU
		{F5647C02-1232-42D4-935C-ADB9442FE96B}.Debug|Any CPU.Build.0 = Debug|Any CPU
		{F5647C02-1232-42D4-935C-ADB9442FE96B}.Release|Any CPU.ActiveCfg = Release|Any CPU
		{F5647C02-1232-42D4-935C-ADB9442FE96B}.Release|Any CPU.Build.0 = Release|Any CPU
		{ACCFC891-3499-4FC2-BCC9-67A77E1CE132}.Debug|Any CPU.ActiveCfg = Debug|Any CPU
		{ACCFC891-3499-4FC2-BCC9-67A77E1CE132}.Debug|Any CPU.Build.0 = Debug|Any CPU
		{ACCFC891-3499-4FC2-BCC9-67A77E1CE132}.Release|Any CPU.ActiveCfg = Release|Any CPU
		{ACCFC891-3499-4FC2-BCC9-67A77E1CE132}.Release|Any CPU.Build.0 = Release|Any CPU
		{15C80D7A-0311-4DD9-9383-BDE3A2C9B1D9}.Debug|Any CPU.ActiveCfg = Debug|Any CPU
		{15C80D7A-0311-4DD9-9383-BDE3A2C9B1D9}.Debug|Any CPU.Build.0 = Debug|Any CPU
		{15C80D7A-0311-4DD9-9383-BDE3A2C9B1D9}.Release|Any CPU.ActiveCfg = Release|Any CPU
		{15C80D7A-0311-4DD9-9383-BDE3A2C9B1D9}.Release|Any CPU.Build.0 = Release|Any CPU
		{0BA29331-41D7-4DE4-B2AB-0A297C8F6314}.Debug|Any CPU.ActiveCfg = Debug|Any CPU
		{0BA29331-41D7-4DE4-B2AB-0A297C8F6314}.Debug|Any CPU.Build.0 = Debug|Any CPU
		{0BA29331-41D7-4DE4-B2AB-0A297C8F6314}.Release|Any CPU.ActiveCfg = Release|Any CPU
		{0BA29331-41D7-4DE4-B2AB-0A297C8F6314}.Release|Any CPU.Build.0 = Release|Any CPU
		{1A17E595-C9F1-4A7B-B273-19089A5D27ED}.Debug|Any CPU.ActiveCfg = Debug|Any CPU
		{1A17E595-C9F1-4A7B-B273-19089A5D27ED}.Debug|Any CPU.Build.0 = Debug|Any CPU
		{1A17E595-C9F1-4A7B-B273-19089A5D27ED}.Release|Any CPU.ActiveCfg = Release|Any CPU
		{1A17E595-C9F1-4A7B-B273-19089A5D27ED}.Release|Any CPU.Build.0 = Release|Any CPU
		{440E3142-F770-4CD8-9CAC-BE5B053A78F2}.Debug|Any CPU.ActiveCfg = Debug|Any CPU
		{440E3142-F770-4CD8-9CAC-BE5B053A78F2}.Debug|Any CPU.Build.0 = Debug|Any CPU
		{440E3142-F770-4CD8-9CAC-BE5B053A78F2}.Release|Any CPU.ActiveCfg = Release|Any CPU
		{440E3142-F770-4CD8-9CAC-BE5B053A78F2}.Release|Any CPU.Build.0 = Release|Any CPU
		{6AF84D11-0292-4149-9E09-E752D85CAFBA}.Debug|Any CPU.ActiveCfg = Debug|Any CPU
		{6AF84D11-0292-4149-9E09-E752D85CAFBA}.Debug|Any CPU.Build.0 = Debug|Any CPU
		{6AF84D11-0292-4149-9E09-E752D85CAFBA}.Release|Any CPU.ActiveCfg = Release|Any CPU
		{6AF84D11-0292-4149-9E09-E752D85CAFBA}.Release|Any CPU.Build.0 = Release|Any CPU
		{487D750D-5973-4618-BDA6-3175D344F9FF}.Debug|Any CPU.ActiveCfg = Debug|Any CPU
		{487D750D-5973-4618-BDA6-3175D344F9FF}.Debug|Any CPU.Build.0 = Debug|Any CPU
		{487D750D-5973-4618-BDA6-3175D344F9FF}.Release|Any CPU.ActiveCfg = Release|Any CPU
		{487D750D-5973-4618-BDA6-3175D344F9FF}.Release|Any CPU.Build.0 = Release|Any CPU
		{63198DD0-0BD2-4321-8768-FF14303610AA}.Debug|Any CPU.ActiveCfg = Debug|Any CPU
		{63198DD0-0BD2-4321-8768-FF14303610AA}.Debug|Any CPU.Build.0 = Debug|Any CPU
		{63198DD0-0BD2-4321-8768-FF14303610AA}.Release|Any CPU.ActiveCfg = Release|Any CPU
		{63198DD0-0BD2-4321-8768-FF14303610AA}.Release|Any CPU.Build.0 = Release|Any CPU
		{9ADB4673-333A-4400-8806-B4093E10444C}.Debug|Any CPU.ActiveCfg = Debug|Any CPU
		{9ADB4673-333A-4400-8806-B4093E10444C}.Debug|Any CPU.Build.0 = Debug|Any CPU
		{9ADB4673-333A-4400-8806-B4093E10444C}.Release|Any CPU.ActiveCfg = Release|Any CPU
		{9ADB4673-333A-4400-8806-B4093E10444C}.Release|Any CPU.Build.0 = Release|Any CPU
		{89A39C2E-10E5-4F5B-B375-40B323BAAD14}.Debug|Any CPU.ActiveCfg = Debug|Any CPU
		{89A39C2E-10E5-4F5B-B375-40B323BAAD14}.Debug|Any CPU.Build.0 = Debug|Any CPU
		{89A39C2E-10E5-4F5B-B375-40B323BAAD14}.Release|Any CPU.ActiveCfg = Release|Any CPU
		{89A39C2E-10E5-4F5B-B375-40B323BAAD14}.Release|Any CPU.Build.0 = Release|Any CPU
		{9D196E9D-C2CA-41FF-A741-4CB07C859DD4}.Debug|Any CPU.ActiveCfg = Debug|Any CPU
		{9D196E9D-C2CA-41FF-A741-4CB07C859DD4}.Debug|Any CPU.Build.0 = Debug|Any CPU
		{9D196E9D-C2CA-41FF-A741-4CB07C859DD4}.Release|Any CPU.ActiveCfg = Release|Any CPU
		{9D196E9D-C2CA-41FF-A741-4CB07C859DD4}.Release|Any CPU.Build.0 = Release|Any CPU
		{3ACEE351-D423-460E-BF17-9C68D57CC393}.Debug|Any CPU.ActiveCfg = Debug|Any CPU
		{3ACEE351-D423-460E-BF17-9C68D57CC393}.Debug|Any CPU.Build.0 = Debug|Any CPU
		{3ACEE351-D423-460E-BF17-9C68D57CC393}.Release|Any CPU.ActiveCfg = Release|Any CPU
		{3ACEE351-D423-460E-BF17-9C68D57CC393}.Release|Any CPU.Build.0 = Release|Any CPU
		{049BE09B-DD33-4769-96CB-290CF135C5C9}.Debug|Any CPU.ActiveCfg = Debug|Any CPU
		{049BE09B-DD33-4769-96CB-290CF135C5C9}.Debug|Any CPU.Build.0 = Debug|Any CPU
		{049BE09B-DD33-4769-96CB-290CF135C5C9}.Release|Any CPU.ActiveCfg = Release|Any CPU
		{049BE09B-DD33-4769-96CB-290CF135C5C9}.Release|Any CPU.Build.0 = Release|Any CPU
		{6D7928A5-57A1-4590-962B-79F9C550F3E7}.Debug|Any CPU.ActiveCfg = Debug|Any CPU
		{6D7928A5-57A1-4590-962B-79F9C550F3E7}.Debug|Any CPU.Build.0 = Debug|Any CPU
		{6D7928A5-57A1-4590-962B-79F9C550F3E7}.Release|Any CPU.ActiveCfg = Release|Any CPU
		{6D7928A5-57A1-4590-962B-79F9C550F3E7}.Release|Any CPU.Build.0 = Release|Any CPU
		{2F56E607-9161-4F2C-891A-67E7EC1D7609}.Debug|Any CPU.ActiveCfg = Debug|Any CPU
		{2F56E607-9161-4F2C-891A-67E7EC1D7609}.Debug|Any CPU.Build.0 = Debug|Any CPU
		{2F56E607-9161-4F2C-891A-67E7EC1D7609}.Release|Any CPU.ActiveCfg = Release|Any CPU
		{2F56E607-9161-4F2C-891A-67E7EC1D7609}.Release|Any CPU.Build.0 = Release|Any CPU
		{B7A9A28A-504E-408E-89DC-76E20BD892DB}.Debug|Any CPU.ActiveCfg = Debug|Any CPU
		{B7A9A28A-504E-408E-89DC-76E20BD892DB}.Debug|Any CPU.Build.0 = Debug|Any CPU
		{B7A9A28A-504E-408E-89DC-76E20BD892DB}.Release|Any CPU.ActiveCfg = Release|Any CPU
		{B7A9A28A-504E-408E-89DC-76E20BD892DB}.Release|Any CPU.Build.0 = Release|Any CPU
		{75DD96E9-EB1D-43B5-A822-63B8B3368E78}.Debug|Any CPU.ActiveCfg = Debug|Any CPU
		{75DD96E9-EB1D-43B5-A822-63B8B3368E78}.Debug|Any CPU.Build.0 = Debug|Any CPU
		{75DD96E9-EB1D-43B5-A822-63B8B3368E78}.Release|Any CPU.ActiveCfg = Release|Any CPU
		{75DD96E9-EB1D-43B5-A822-63B8B3368E78}.Release|Any CPU.Build.0 = Release|Any CPU
		{41736B2A-4185-4130-8FA0-B90958D035D1}.Debug|Any CPU.ActiveCfg = Debug|Any CPU
		{41736B2A-4185-4130-8FA0-B90958D035D1}.Debug|Any CPU.Build.0 = Debug|Any CPU
		{41736B2A-4185-4130-8FA0-B90958D035D1}.Release|Any CPU.ActiveCfg = Release|Any CPU
		{41736B2A-4185-4130-8FA0-B90958D035D1}.Release|Any CPU.Build.0 = Release|Any CPU
		{83F99B9D-6D44-47CE-9AEC-6BF50D211CC5}.Debug|Any CPU.ActiveCfg = Debug|Any CPU
		{83F99B9D-6D44-47CE-9AEC-6BF50D211CC5}.Debug|Any CPU.Build.0 = Debug|Any CPU
		{83F99B9D-6D44-47CE-9AEC-6BF50D211CC5}.Release|Any CPU.ActiveCfg = Release|Any CPU
		{83F99B9D-6D44-47CE-9AEC-6BF50D211CC5}.Release|Any CPU.Build.0 = Release|Any CPU
		{A5098BC6-1487-4460-A94F-2BFACEF2E522}.Debug|Any CPU.ActiveCfg = Debug|Any CPU
		{A5098BC6-1487-4460-A94F-2BFACEF2E522}.Debug|Any CPU.Build.0 = Debug|Any CPU
		{A5098BC6-1487-4460-A94F-2BFACEF2E522}.Release|Any CPU.ActiveCfg = Release|Any CPU
		{A5098BC6-1487-4460-A94F-2BFACEF2E522}.Release|Any CPU.Build.0 = Release|Any CPU
		{352AB333-6F1E-4843-869B-DF38D84E92BA}.Debug|Any CPU.ActiveCfg = Debug|Any CPU
		{352AB333-6F1E-4843-869B-DF38D84E92BA}.Debug|Any CPU.Build.0 = Debug|Any CPU
		{352AB333-6F1E-4843-869B-DF38D84E92BA}.Release|Any CPU.ActiveCfg = Release|Any CPU
		{352AB333-6F1E-4843-869B-DF38D84E92BA}.Release|Any CPU.Build.0 = Release|Any CPU
		{F151C5C9-E224-49AF-B283-562321C9AA9E}.Debug|Any CPU.ActiveCfg = Debug|Any CPU
		{F151C5C9-E224-49AF-B283-562321C9AA9E}.Debug|Any CPU.Build.0 = Debug|Any CPU
		{F151C5C9-E224-49AF-B283-562321C9AA9E}.Release|Any CPU.ActiveCfg = Release|Any CPU
		{F151C5C9-E224-49AF-B283-562321C9AA9E}.Release|Any CPU.Build.0 = Release|Any CPU
		{26A1E11C-F52E-4821-B401-D8FBEF1847DF}.Debug|Any CPU.ActiveCfg = Debug|Any CPU
		{26A1E11C-F52E-4821-B401-D8FBEF1847DF}.Debug|Any CPU.Build.0 = Debug|Any CPU
		{26A1E11C-F52E-4821-B401-D8FBEF1847DF}.Release|Any CPU.ActiveCfg = Release|Any CPU
		{26A1E11C-F52E-4821-B401-D8FBEF1847DF}.Release|Any CPU.Build.0 = Release|Any CPU
		{BBC29513-6E0E-4B5B-8BA3-88EFB49531BC}.Debug|Any CPU.ActiveCfg = Debug|Any CPU
		{BBC29513-6E0E-4B5B-8BA3-88EFB49531BC}.Debug|Any CPU.Build.0 = Debug|Any CPU
		{BBC29513-6E0E-4B5B-8BA3-88EFB49531BC}.Release|Any CPU.ActiveCfg = Release|Any CPU
		{BBC29513-6E0E-4B5B-8BA3-88EFB49531BC}.Release|Any CPU.Build.0 = Release|Any CPU
	EndGlobalSection
	GlobalSection(SolutionProperties) = preSolution
		HideSolutionNode = FALSE
	EndGlobalSection
	GlobalSection(NestedProjects) = preSolution
		{0DD34953-F235-4D97-910F-EA1F7D7CF0C9} = {DFB6CD02-EE0C-4BA2-9F3A-EE769AF952B9}
		{CA2EECAE-3E0F-4E4A-9D33-B5BFD3B0C76F} = {0DD34953-F235-4D97-910F-EA1F7D7CF0C9}
		{83E0D11E-2155-4D73-A5D0-88A824D9A31C} = {DFB6CD02-EE0C-4BA2-9F3A-EE769AF952B9}
		{15CDD5A5-0B4B-45FF-B771-E6213F43A443} = {DFB6CD02-EE0C-4BA2-9F3A-EE769AF952B9}
		{A7A2F791-518F-4A2F-B098-358CD4067B71} = {CA2EECAE-3E0F-4E4A-9D33-B5BFD3B0C76F}
		{7F55C86E-D2E1-49A7-9EF4-1AABFB94A4FE} = {CA2EECAE-3E0F-4E4A-9D33-B5BFD3B0C76F}
		{23E0EDFF-BDFB-45E4-AC7B-31DDFA93AE1D} = {CA2EECAE-3E0F-4E4A-9D33-B5BFD3B0C76F}
		{DAB86AE4-F8E1-4D5E-BAF2-855D24D7A437} = {83E0D11E-2155-4D73-A5D0-88A824D9A31C}
		{7DD8CB06-B007-4F1F-9489-2269D01798DB} = {DFB6CD02-EE0C-4BA2-9F3A-EE769AF952B9}
		{1F6F3C59-9268-4123-8EEE-EB16777445AA} = {DFB6CD02-EE0C-4BA2-9F3A-EE769AF952B9}
		{B0EEA88C-5CB1-4C8A-9C20-21A801DEBCD2} = {1F6F3C59-9268-4123-8EEE-EB16777445AA}
		{0FBF991C-AD67-45A6-A890-9040E08D6D57} = {DFB6CD02-EE0C-4BA2-9F3A-EE769AF952B9}
		{61D46A6E-4E3A-4D37-9169-AED9B277D33B} = {0FBF991C-AD67-45A6-A890-9040E08D6D57}
		{A8511725-544E-49BD-8451-4C8638ADC5BA} = {CA2EECAE-3E0F-4E4A-9D33-B5BFD3B0C76F}
		{0333E000-6AAF-4E18-8747-2299A8231AB1} = {0358EBCF-3298-4E75-AEF3-E0491F34541A}
		{F49F5825-6F92-4B8D-AE30-59D43235974B} = {15CDD5A5-0B4B-45FF-B771-E6213F43A443}
		{69BF017D-9632-4BCA-859B-5D24A2C4B79A} = {15CDD5A5-0B4B-45FF-B771-E6213F43A443}
		{23BCBB7F-56B2-4415-98BC-74F00E829053} = {DFB6CD02-EE0C-4BA2-9F3A-EE769AF952B9}
		{E6A8C34C-9ECE-46AE-AC36-01F3CAF293C3} = {0DD34953-F235-4D97-910F-EA1F7D7CF0C9}
		{B801261B-ECE7-4B9E-86C8-0B5F631B0065} = {E6A8C34C-9ECE-46AE-AC36-01F3CAF293C3}
		{F5647C02-1232-42D4-935C-ADB9442FE96B} = {E6A8C34C-9ECE-46AE-AC36-01F3CAF293C3}
		{ACCFC891-3499-4FC2-BCC9-67A77E1CE132} = {E6A8C34C-9ECE-46AE-AC36-01F3CAF293C3}
		{59453B38-9D13-4A2B-B66D-F5686055C1FF} = {0DD34953-F235-4D97-910F-EA1F7D7CF0C9}
		{15C80D7A-0311-4DD9-9383-BDE3A2C9B1D9} = {59453B38-9D13-4A2B-B66D-F5686055C1FF}
		{0BA29331-41D7-4DE4-B2AB-0A297C8F6314} = {59453B38-9D13-4A2B-B66D-F5686055C1FF}
		{1A17E595-C9F1-4A7B-B273-19089A5D27ED} = {59453B38-9D13-4A2B-B66D-F5686055C1FF}
		{440E3142-F770-4CD8-9CAC-BE5B053A78F2} = {59453B38-9D13-4A2B-B66D-F5686055C1FF}
		{6AF84D11-0292-4149-9E09-E752D85CAFBA} = {15CDD5A5-0B4B-45FF-B771-E6213F43A443}
		{487D750D-5973-4618-BDA6-3175D344F9FF} = {CA2EECAE-3E0F-4E4A-9D33-B5BFD3B0C76F}
		{63198DD0-0BD2-4321-8768-FF14303610AA} = {23BCBB7F-56B2-4415-98BC-74F00E829053}
		{7C44558F-8292-4450-8DFC-8A6FFD8199BB} = {07269A7A-ABF8-47F3-9717-5F5BA73590F2}
		{9ADB4673-333A-4400-8806-B4093E10444C} = {7C44558F-8292-4450-8DFC-8A6FFD8199BB}
		{43B583FA-1732-4B38-B6B6-F41B38989F77} = {E159F450-4D74-4605-B58F-C3471DF32DFE}
		{89A39C2E-10E5-4F5B-B375-40B323BAAD14} = {43B583FA-1732-4B38-B6B6-F41B38989F77}
		{9D196E9D-C2CA-41FF-A741-4CB07C859DD4} = {43B583FA-1732-4B38-B6B6-F41B38989F77}
		{3ACEE351-D423-460E-BF17-9C68D57CC393} = {43B583FA-1732-4B38-B6B6-F41B38989F77}
		{049BE09B-DD33-4769-96CB-290CF135C5C9} = {7C44558F-8292-4450-8DFC-8A6FFD8199BB}
		{7F47F431-FB63-4FA4-96C9-5589EBB69669} = {3CF5603F-48DE-445A-8263-EE73A4C665CB}
		{6D7928A5-57A1-4590-962B-79F9C550F3E7} = {7F47F431-FB63-4FA4-96C9-5589EBB69669}
		{7F42151D-478B-4A19-805E-5E838815AD89} = {DFB6CD02-EE0C-4BA2-9F3A-EE769AF952B9}
		{91598A6C-6C81-483B-AFD3-A324048DD429} = {7F42151D-478B-4A19-805E-5E838815AD89}
		{2F56E607-9161-4F2C-891A-67E7EC1D7609} = {91598A6C-6C81-483B-AFD3-A324048DD429}
		{1DB84051-AD98-438A-BB4B-32AA3482065C} = {7F42151D-478B-4A19-805E-5E838815AD89}
		{B7A9A28A-504E-408E-89DC-76E20BD892DB} = {1DB84051-AD98-438A-BB4B-32AA3482065C}
		{75DD96E9-EB1D-43B5-A822-63B8B3368E78} = {E6A8C34C-9ECE-46AE-AC36-01F3CAF293C3}
		{41736B2A-4185-4130-8FA0-B90958D035D1} = {E6A8C34C-9ECE-46AE-AC36-01F3CAF293C3}
		{83F99B9D-6D44-47CE-9AEC-6BF50D211CC5} = {7DD8CB06-B007-4F1F-9489-2269D01798DB}
		{A5098BC6-1487-4460-A94F-2BFACEF2E522} = {E6A8C34C-9ECE-46AE-AC36-01F3CAF293C3}
		{352AB333-6F1E-4843-869B-DF38D84E92BA} = {91598A6C-6C81-483B-AFD3-A324048DD429}
		{F151C5C9-E224-49AF-B283-562321C9AA9E} = {91598A6C-6C81-483B-AFD3-A324048DD429}
		{26A1E11C-F52E-4821-B401-D8FBEF1847DF} = {1F6F3C59-9268-4123-8EEE-EB16777445AA}
		{4836BD75-4352-4FCB-8CF5-B4396220F801} = {07269A7A-ABF8-47F3-9717-5F5BA73590F2}
		{5D1510D0-A67A-4A3E-B544-9B82AB5FF08F} = {4836BD75-4352-4FCB-8CF5-B4396220F801}
		{BBC29513-6E0E-4B5B-8BA3-88EFB49531BC} = {5D1510D0-A67A-4A3E-B544-9B82AB5FF08F}
	EndGlobalSection
	GlobalSection(ExtensibilityGlobals) = postSolution
		SolutionGuid = {BAAA9DC0-A104-423F-8507-710C11070DF0}
	EndGlobalSection
EndGlobal
