
Microsoft Visual Studio Solution File, Format Version 12.00
# Visual Studio 15
VisualStudioVersion = 15.0.26124.0
MinimumVisualStudioVersion = 15.0.26124.0
Project("{2150E333-8FDC-42A3-9474-1A3956D46DE8}") = "Projects", "Projects", "{7A1E6F33-78A6-4C60-89C6-BDD2F984ECFE}"
EndProject
Project("{2150E333-8FDC-42A3-9474-1A3956D46DE8}") = "Presentation", "Presentation", "{4F541C7C-5A34-40A5-A0C5-1BC9CE759E5F}"
EndProject
Project("{FAE04EC0-301F-11D3-BF4B-00C04F79EFBC}") = "Console", "Projects\Presentation\Console\Console.csproj", "{0DF5D98B-4719-4936-99C5-786BB744DD9F}"
EndProject
Project("{2150E333-8FDC-42A3-9474-1A3956D46DE8}") = "Core", "Core", "{3CCAC100-4133-4778-82DA-8C0EF20B0DEE}"
EndProject
Project("{FAE04EC0-301F-11D3-BF4B-00C04F79EFBC}") = "DotNetScaffolder.Core.Common", "Projects\Core\Common\DotNetScaffolder.Core.Common.csproj", "{5CE48931-5FA0-4C54-9194-0E761BF5A072}"
EndProject
Project("{2150E333-8FDC-42A3-9474-1A3956D46DE8}") = "Components", "Components", "{9BCFC265-05E1-4D0F-ADE7-C011A78864D7}"
EndProject
Project("{FAE04EC0-301F-11D3-BF4B-00C04F79EFBC}") = "DotNetScaffolder.Components.Common", "Projects\Components\Common\DotNetScaffolder.Components.Common.csproj", "{41DA32B7-36C9-428A-8916-CB326377CBB8}"
EndProject
Project("{FAE04EC0-301F-11D3-BF4B-00C04F79EFBC}") = "DotNetScaffolder.Core.Extensions", "Projects\Core\Extensions\DotNetScaffolder.Core.Extensions.csproj", "{7C064B03-5522-4806-9981-0F5527C67C32}"
EndProject
Project("{FAE04EC0-301F-11D3-BF4B-00C04F79EFBC}") = "DotNetScaffolder.Core.Configuration", "Projects\Core\Configuration\DotNetScaffolder.Core.Configuration.csproj", "{65561A9C-8CE5-4D8E-815E-5E93A91346FC}"
EndProject
Project("{2150E333-8FDC-42A3-9474-1A3956D46DE8}") = "Forms", "Forms", "{63027254-E095-4F51-9BE3-4C1D0CA70ECE}"
EndProject
Project("{FAE04EC0-301F-11D3-BF4B-00C04F79EFBC}") = "DotNetScaffolder.Core.Forms.FormControls", "Projects\Core\Forms\FormControls\DotNetScaffolder.Core.Forms.FormControls.csproj", "{41224071-07AC-42DE-A31C-D0D02E95861F}"
EndProject
Project("{2150E333-8FDC-42A3-9474-1A3956D46DE8}") = "Mapping", "Mapping", "{46192E6E-4C5B-4473-84B1-D49C42963771}"
EndProject
Project("{FAE04EC0-301F-11D3-BF4B-00C04F79EFBC}") = "DotNetScaffolder.Mapping.MetaData", "Projects\Mapping\MetaData\DotNetScaffolder.Mapping.MetaData.csproj", "{4E1B79F2-6354-4DE7-A7A1-CAD13115388D}"
EndProject
Project("{2150E333-8FDC-42A3-9474-1A3956D46DE8}") = "CollectionOptions", "CollectionOptions", "{23E28687-95CE-451F-824C-CF27BEE6AD70}"
EndProject
Project("{FAE04EC0-301F-11D3-BF4B-00C04F79EFBC}") = "DotNetScaffolder.Components.CollectionOption", "Projects\Components\CollectionOptions\CollectionOption\DotNetScaffolder.Components.CollectionOption.csproj", "{6C2583E4-8D3B-4366-9D15-652E302FF236}"
EndProject
Project("{2150E333-8FDC-42A3-9474-1A3956D46DE8}") = "DataTypes", "DataTypes", "{FDD68C8B-76D7-4108-8DEF-F8EE5F0793AE}"
EndProject
Project("{FAE04EC0-301F-11D3-BF4B-00C04F79EFBC}") = "DotNetScaffolder.Components.DataTypes.DefaultDataTypes", "Projects\Components\DataTypes\DefaultDataTypes\DotNetScaffolder.Components.DataTypes.DefaultDataTypes.csproj", "{88F6C2B5-8950-4929-9D74-12B9BEFE1EFC}"
EndProject
Project("{2150E333-8FDC-42A3-9474-1A3956D46DE8}") = "Drivers", "Drivers", "{718CCE54-0390-4DFA-A831-96B87F9FFF57}"
EndProject
Project("{FAE04EC0-301F-11D3-BF4B-00C04F79EFBC}") = "DotNetScaffolder.Components.Drivers.DefaultDrivers", "Projects\Components\Drivers\DefaultDrivers\DotNetScaffolder.Components.Drivers.DefaultDrivers.csproj", "{2698B4AE-00FB-431B-BCB6-EDE3C034FF7C}"
EndProject
Project("{2150E333-8FDC-42A3-9474-1A3956D46DE8}") = "LanguageOutput", "LanguageOutput", "{80771A2C-3D04-4802-BF67-6DC2C7225828}"
EndProject
Project("{FAE04EC0-301F-11D3-BF4B-00C04F79EFBC}") = "DotNetScaffolder.Components.LanguageOutputs.DefaultLanguageOutput", "Projects\Components\LanguageOutput\DefaultLanguageOutput\DotNetScaffolder.Components.LanguageOutputs.DefaultLanguageOutput.csproj", "{81A8B880-FF10-4455-A335-4F8F15822426}"
EndProject
Project("{2150E333-8FDC-42A3-9474-1A3956D46DE8}") = "NamingConventions", "NamingConventions", "{8F9195E2-A97B-437C-BC5B-C987BAF5AE5B}"
EndProject
Project("{FAE04EC0-301F-11D3-BF4B-00C04F79EFBC}") = "DotNetScaffolder.Components.NamingConventions.DefaultNamingConventions", "Projects\Components\NamingConventions\DefaultNamingConventions\DotNetScaffolder.Components.NamingConventions.DefaultNamingConventions.csproj", "{8ED81B6E-7EA2-42DC-A731-7201C3F472D8}"
EndProject
Global
	GlobalSection(SolutionConfigurationPlatforms) = preSolution
		Debug|Any CPU = Debug|Any CPU
		Debug|x64 = Debug|x64
		Debug|x86 = Debug|x86
		Release|Any CPU = Release|Any CPU
		Release|x64 = Release|x64
		Release|x86 = Release|x86
	EndGlobalSection
	GlobalSection(SolutionProperties) = preSolution
		HideSolutionNode = FALSE
	EndGlobalSection
	GlobalSection(ProjectConfigurationPlatforms) = postSolution
		{0DF5D98B-4719-4936-99C5-786BB744DD9F}.Debug|Any CPU.ActiveCfg = Debug|Any CPU
		{0DF5D98B-4719-4936-99C5-786BB744DD9F}.Debug|Any CPU.Build.0 = Debug|Any CPU
		{0DF5D98B-4719-4936-99C5-786BB744DD9F}.Debug|x64.ActiveCfg = Debug|Any CPU
		{0DF5D98B-4719-4936-99C5-786BB744DD9F}.Debug|x64.Build.0 = Debug|Any CPU
		{0DF5D98B-4719-4936-99C5-786BB744DD9F}.Debug|x86.ActiveCfg = Debug|Any CPU
		{0DF5D98B-4719-4936-99C5-786BB744DD9F}.Debug|x86.Build.0 = Debug|Any CPU
		{0DF5D98B-4719-4936-99C5-786BB744DD9F}.Release|Any CPU.ActiveCfg = Release|Any CPU
		{0DF5D98B-4719-4936-99C5-786BB744DD9F}.Release|Any CPU.Build.0 = Release|Any CPU
		{0DF5D98B-4719-4936-99C5-786BB744DD9F}.Release|x64.ActiveCfg = Release|Any CPU
		{0DF5D98B-4719-4936-99C5-786BB744DD9F}.Release|x64.Build.0 = Release|Any CPU
		{0DF5D98B-4719-4936-99C5-786BB744DD9F}.Release|x86.ActiveCfg = Release|Any CPU
		{0DF5D98B-4719-4936-99C5-786BB744DD9F}.Release|x86.Build.0 = Release|Any CPU
		{5CE48931-5FA0-4C54-9194-0E761BF5A072}.Debug|Any CPU.ActiveCfg = Debug|Any CPU
		{5CE48931-5FA0-4C54-9194-0E761BF5A072}.Debug|Any CPU.Build.0 = Debug|Any CPU
		{5CE48931-5FA0-4C54-9194-0E761BF5A072}.Debug|x64.ActiveCfg = Debug|Any CPU
		{5CE48931-5FA0-4C54-9194-0E761BF5A072}.Debug|x64.Build.0 = Debug|Any CPU
		{5CE48931-5FA0-4C54-9194-0E761BF5A072}.Debug|x86.ActiveCfg = Debug|Any CPU
		{5CE48931-5FA0-4C54-9194-0E761BF5A072}.Debug|x86.Build.0 = Debug|Any CPU
		{5CE48931-5FA0-4C54-9194-0E761BF5A072}.Release|Any CPU.ActiveCfg = Release|Any CPU
		{5CE48931-5FA0-4C54-9194-0E761BF5A072}.Release|Any CPU.Build.0 = Release|Any CPU
		{5CE48931-5FA0-4C54-9194-0E761BF5A072}.Release|x64.ActiveCfg = Release|Any CPU
		{5CE48931-5FA0-4C54-9194-0E761BF5A072}.Release|x64.Build.0 = Release|Any CPU
		{5CE48931-5FA0-4C54-9194-0E761BF5A072}.Release|x86.ActiveCfg = Release|Any CPU
		{5CE48931-5FA0-4C54-9194-0E761BF5A072}.Release|x86.Build.0 = Release|Any CPU
		{41DA32B7-36C9-428A-8916-CB326377CBB8}.Debug|Any CPU.ActiveCfg = Debug|Any CPU
		{41DA32B7-36C9-428A-8916-CB326377CBB8}.Debug|Any CPU.Build.0 = Debug|Any CPU
		{41DA32B7-36C9-428A-8916-CB326377CBB8}.Debug|x64.ActiveCfg = Debug|Any CPU
		{41DA32B7-36C9-428A-8916-CB326377CBB8}.Debug|x64.Build.0 = Debug|Any CPU
		{41DA32B7-36C9-428A-8916-CB326377CBB8}.Debug|x86.ActiveCfg = Debug|Any CPU
		{41DA32B7-36C9-428A-8916-CB326377CBB8}.Debug|x86.Build.0 = Debug|Any CPU
		{41DA32B7-36C9-428A-8916-CB326377CBB8}.Release|Any CPU.ActiveCfg = Release|Any CPU
		{41DA32B7-36C9-428A-8916-CB326377CBB8}.Release|Any CPU.Build.0 = Release|Any CPU
		{41DA32B7-36C9-428A-8916-CB326377CBB8}.Release|x64.ActiveCfg = Release|Any CPU
		{41DA32B7-36C9-428A-8916-CB326377CBB8}.Release|x64.Build.0 = Release|Any CPU
		{41DA32B7-36C9-428A-8916-CB326377CBB8}.Release|x86.ActiveCfg = Release|Any CPU
		{41DA32B7-36C9-428A-8916-CB326377CBB8}.Release|x86.Build.0 = Release|Any CPU
		{7C064B03-5522-4806-9981-0F5527C67C32}.Debug|Any CPU.ActiveCfg = Debug|Any CPU
		{7C064B03-5522-4806-9981-0F5527C67C32}.Debug|Any CPU.Build.0 = Debug|Any CPU
		{7C064B03-5522-4806-9981-0F5527C67C32}.Debug|x64.ActiveCfg = Debug|Any CPU
		{7C064B03-5522-4806-9981-0F5527C67C32}.Debug|x64.Build.0 = Debug|Any CPU
		{7C064B03-5522-4806-9981-0F5527C67C32}.Debug|x86.ActiveCfg = Debug|Any CPU
		{7C064B03-5522-4806-9981-0F5527C67C32}.Debug|x86.Build.0 = Debug|Any CPU
		{7C064B03-5522-4806-9981-0F5527C67C32}.Release|Any CPU.ActiveCfg = Release|Any CPU
		{7C064B03-5522-4806-9981-0F5527C67C32}.Release|Any CPU.Build.0 = Release|Any CPU
		{7C064B03-5522-4806-9981-0F5527C67C32}.Release|x64.ActiveCfg = Release|Any CPU
		{7C064B03-5522-4806-9981-0F5527C67C32}.Release|x64.Build.0 = Release|Any CPU
		{7C064B03-5522-4806-9981-0F5527C67C32}.Release|x86.ActiveCfg = Release|Any CPU
		{7C064B03-5522-4806-9981-0F5527C67C32}.Release|x86.Build.0 = Release|Any CPU
		{65561A9C-8CE5-4D8E-815E-5E93A91346FC}.Debug|Any CPU.ActiveCfg = Debug|Any CPU
		{65561A9C-8CE5-4D8E-815E-5E93A91346FC}.Debug|Any CPU.Build.0 = Debug|Any CPU
		{65561A9C-8CE5-4D8E-815E-5E93A91346FC}.Debug|x64.ActiveCfg = Debug|Any CPU
		{65561A9C-8CE5-4D8E-815E-5E93A91346FC}.Debug|x64.Build.0 = Debug|Any CPU
		{65561A9C-8CE5-4D8E-815E-5E93A91346FC}.Debug|x86.ActiveCfg = Debug|Any CPU
		{65561A9C-8CE5-4D8E-815E-5E93A91346FC}.Debug|x86.Build.0 = Debug|Any CPU
		{65561A9C-8CE5-4D8E-815E-5E93A91346FC}.Release|Any CPU.ActiveCfg = Release|Any CPU
		{65561A9C-8CE5-4D8E-815E-5E93A91346FC}.Release|Any CPU.Build.0 = Release|Any CPU
		{65561A9C-8CE5-4D8E-815E-5E93A91346FC}.Release|x64.ActiveCfg = Release|Any CPU
		{65561A9C-8CE5-4D8E-815E-5E93A91346FC}.Release|x64.Build.0 = Release|Any CPU
		{65561A9C-8CE5-4D8E-815E-5E93A91346FC}.Release|x86.ActiveCfg = Release|Any CPU
		{65561A9C-8CE5-4D8E-815E-5E93A91346FC}.Release|x86.Build.0 = Release|Any CPU
		{41224071-07AC-42DE-A31C-D0D02E95861F}.Debug|Any CPU.ActiveCfg = Debug|Any CPU
		{41224071-07AC-42DE-A31C-D0D02E95861F}.Debug|Any CPU.Build.0 = Debug|Any CPU
		{41224071-07AC-42DE-A31C-D0D02E95861F}.Debug|x64.ActiveCfg = Debug|Any CPU
		{41224071-07AC-42DE-A31C-D0D02E95861F}.Debug|x64.Build.0 = Debug|Any CPU
		{41224071-07AC-42DE-A31C-D0D02E95861F}.Debug|x86.ActiveCfg = Debug|Any CPU
		{41224071-07AC-42DE-A31C-D0D02E95861F}.Debug|x86.Build.0 = Debug|Any CPU
		{41224071-07AC-42DE-A31C-D0D02E95861F}.Release|Any CPU.ActiveCfg = Release|Any CPU
		{41224071-07AC-42DE-A31C-D0D02E95861F}.Release|Any CPU.Build.0 = Release|Any CPU
		{41224071-07AC-42DE-A31C-D0D02E95861F}.Release|x64.ActiveCfg = Release|Any CPU
		{41224071-07AC-42DE-A31C-D0D02E95861F}.Release|x64.Build.0 = Release|Any CPU
		{41224071-07AC-42DE-A31C-D0D02E95861F}.Release|x86.ActiveCfg = Release|Any CPU
		{41224071-07AC-42DE-A31C-D0D02E95861F}.Release|x86.Build.0 = Release|Any CPU
		{4E1B79F2-6354-4DE7-A7A1-CAD13115388D}.Debug|Any CPU.ActiveCfg = Debug|Any CPU
		{4E1B79F2-6354-4DE7-A7A1-CAD13115388D}.Debug|Any CPU.Build.0 = Debug|Any CPU
		{4E1B79F2-6354-4DE7-A7A1-CAD13115388D}.Debug|x64.ActiveCfg = Debug|Any CPU
		{4E1B79F2-6354-4DE7-A7A1-CAD13115388D}.Debug|x64.Build.0 = Debug|Any CPU
		{4E1B79F2-6354-4DE7-A7A1-CAD13115388D}.Debug|x86.ActiveCfg = Debug|Any CPU
		{4E1B79F2-6354-4DE7-A7A1-CAD13115388D}.Debug|x86.Build.0 = Debug|Any CPU
		{4E1B79F2-6354-4DE7-A7A1-CAD13115388D}.Release|Any CPU.ActiveCfg = Release|Any CPU
		{4E1B79F2-6354-4DE7-A7A1-CAD13115388D}.Release|Any CPU.Build.0 = Release|Any CPU
		{4E1B79F2-6354-4DE7-A7A1-CAD13115388D}.Release|x64.ActiveCfg = Release|Any CPU
		{4E1B79F2-6354-4DE7-A7A1-CAD13115388D}.Release|x64.Build.0 = Release|Any CPU
		{4E1B79F2-6354-4DE7-A7A1-CAD13115388D}.Release|x86.ActiveCfg = Release|Any CPU
		{4E1B79F2-6354-4DE7-A7A1-CAD13115388D}.Release|x86.Build.0 = Release|Any CPU
		{6C2583E4-8D3B-4366-9D15-652E302FF236}.Debug|Any CPU.ActiveCfg = Debug|Any CPU
		{6C2583E4-8D3B-4366-9D15-652E302FF236}.Debug|Any CPU.Build.0 = Debug|Any CPU
		{6C2583E4-8D3B-4366-9D15-652E302FF236}.Debug|x64.ActiveCfg = Debug|Any CPU
		{6C2583E4-8D3B-4366-9D15-652E302FF236}.Debug|x64.Build.0 = Debug|Any CPU
		{6C2583E4-8D3B-4366-9D15-652E302FF236}.Debug|x86.ActiveCfg = Debug|Any CPU
		{6C2583E4-8D3B-4366-9D15-652E302FF236}.Debug|x86.Build.0 = Debug|Any CPU
		{6C2583E4-8D3B-4366-9D15-652E302FF236}.Release|Any CPU.ActiveCfg = Release|Any CPU
		{6C2583E4-8D3B-4366-9D15-652E302FF236}.Release|Any CPU.Build.0 = Release|Any CPU
		{6C2583E4-8D3B-4366-9D15-652E302FF236}.Release|x64.ActiveCfg = Release|Any CPU
		{6C2583E4-8D3B-4366-9D15-652E302FF236}.Release|x64.Build.0 = Release|Any CPU
		{6C2583E4-8D3B-4366-9D15-652E302FF236}.Release|x86.ActiveCfg = Release|Any CPU
		{6C2583E4-8D3B-4366-9D15-652E302FF236}.Release|x86.Build.0 = Release|Any CPU
		{88F6C2B5-8950-4929-9D74-12B9BEFE1EFC}.Debug|Any CPU.ActiveCfg = Debug|Any CPU
		{88F6C2B5-8950-4929-9D74-12B9BEFE1EFC}.Debug|Any CPU.Build.0 = Debug|Any CPU
		{88F6C2B5-8950-4929-9D74-12B9BEFE1EFC}.Debug|x64.ActiveCfg = Debug|Any CPU
		{88F6C2B5-8950-4929-9D74-12B9BEFE1EFC}.Debug|x64.Build.0 = Debug|Any CPU
		{88F6C2B5-8950-4929-9D74-12B9BEFE1EFC}.Debug|x86.ActiveCfg = Debug|Any CPU
		{88F6C2B5-8950-4929-9D74-12B9BEFE1EFC}.Debug|x86.Build.0 = Debug|Any CPU
		{88F6C2B5-8950-4929-9D74-12B9BEFE1EFC}.Release|Any CPU.ActiveCfg = Release|Any CPU
		{88F6C2B5-8950-4929-9D74-12B9BEFE1EFC}.Release|Any CPU.Build.0 = Release|Any CPU
		{88F6C2B5-8950-4929-9D74-12B9BEFE1EFC}.Release|x64.ActiveCfg = Release|Any CPU
		{88F6C2B5-8950-4929-9D74-12B9BEFE1EFC}.Release|x64.Build.0 = Release|Any CPU
		{88F6C2B5-8950-4929-9D74-12B9BEFE1EFC}.Release|x86.ActiveCfg = Release|Any CPU
		{88F6C2B5-8950-4929-9D74-12B9BEFE1EFC}.Release|x86.Build.0 = Release|Any CPU
		{2698B4AE-00FB-431B-BCB6-EDE3C034FF7C}.Debug|Any CPU.ActiveCfg = Debug|Any CPU
		{2698B4AE-00FB-431B-BCB6-EDE3C034FF7C}.Debug|Any CPU.Build.0 = Debug|Any CPU
		{2698B4AE-00FB-431B-BCB6-EDE3C034FF7C}.Debug|x64.ActiveCfg = Debug|Any CPU
		{2698B4AE-00FB-431B-BCB6-EDE3C034FF7C}.Debug|x64.Build.0 = Debug|Any CPU
		{2698B4AE-00FB-431B-BCB6-EDE3C034FF7C}.Debug|x86.ActiveCfg = Debug|Any CPU
		{2698B4AE-00FB-431B-BCB6-EDE3C034FF7C}.Debug|x86.Build.0 = Debug|Any CPU
		{2698B4AE-00FB-431B-BCB6-EDE3C034FF7C}.Release|Any CPU.ActiveCfg = Release|Any CPU
		{2698B4AE-00FB-431B-BCB6-EDE3C034FF7C}.Release|Any CPU.Build.0 = Release|Any CPU
		{2698B4AE-00FB-431B-BCB6-EDE3C034FF7C}.Release|x64.ActiveCfg = Release|Any CPU
		{2698B4AE-00FB-431B-BCB6-EDE3C034FF7C}.Release|x64.Build.0 = Release|Any CPU
		{2698B4AE-00FB-431B-BCB6-EDE3C034FF7C}.Release|x86.ActiveCfg = Release|Any CPU
		{2698B4AE-00FB-431B-BCB6-EDE3C034FF7C}.Release|x86.Build.0 = Release|Any CPU
		{81A8B880-FF10-4455-A335-4F8F15822426}.Debug|Any CPU.ActiveCfg = Debug|Any CPU
		{81A8B880-FF10-4455-A335-4F8F15822426}.Debug|Any CPU.Build.0 = Debug|Any CPU
		{81A8B880-FF10-4455-A335-4F8F15822426}.Debug|x64.ActiveCfg = Debug|Any CPU
		{81A8B880-FF10-4455-A335-4F8F15822426}.Debug|x64.Build.0 = Debug|Any CPU
		{81A8B880-FF10-4455-A335-4F8F15822426}.Debug|x86.ActiveCfg = Debug|Any CPU
		{81A8B880-FF10-4455-A335-4F8F15822426}.Debug|x86.Build.0 = Debug|Any CPU
		{81A8B880-FF10-4455-A335-4F8F15822426}.Release|Any CPU.ActiveCfg = Release|Any CPU
		{81A8B880-FF10-4455-A335-4F8F15822426}.Release|Any CPU.Build.0 = Release|Any CPU
		{81A8B880-FF10-4455-A335-4F8F15822426}.Release|x64.ActiveCfg = Release|Any CPU
		{81A8B880-FF10-4455-A335-4F8F15822426}.Release|x64.Build.0 = Release|Any CPU
		{81A8B880-FF10-4455-A335-4F8F15822426}.Release|x86.ActiveCfg = Release|Any CPU
		{81A8B880-FF10-4455-A335-4F8F15822426}.Release|x86.Build.0 = Release|Any CPU
		{8ED81B6E-7EA2-42DC-A731-7201C3F472D8}.Debug|Any CPU.ActiveCfg = Debug|Any CPU
		{8ED81B6E-7EA2-42DC-A731-7201C3F472D8}.Debug|Any CPU.Build.0 = Debug|Any CPU
		{8ED81B6E-7EA2-42DC-A731-7201C3F472D8}.Debug|x64.ActiveCfg = Debug|Any CPU
		{8ED81B6E-7EA2-42DC-A731-7201C3F472D8}.Debug|x64.Build.0 = Debug|Any CPU
		{8ED81B6E-7EA2-42DC-A731-7201C3F472D8}.Debug|x86.ActiveCfg = Debug|Any CPU
		{8ED81B6E-7EA2-42DC-A731-7201C3F472D8}.Debug|x86.Build.0 = Debug|Any CPU
		{8ED81B6E-7EA2-42DC-A731-7201C3F472D8}.Release|Any CPU.ActiveCfg = Release|Any CPU
		{8ED81B6E-7EA2-42DC-A731-7201C3F472D8}.Release|Any CPU.Build.0 = Release|Any CPU
		{8ED81B6E-7EA2-42DC-A731-7201C3F472D8}.Release|x64.ActiveCfg = Release|Any CPU
		{8ED81B6E-7EA2-42DC-A731-7201C3F472D8}.Release|x64.Build.0 = Release|Any CPU
		{8ED81B6E-7EA2-42DC-A731-7201C3F472D8}.Release|x86.ActiveCfg = Release|Any CPU
		{8ED81B6E-7EA2-42DC-A731-7201C3F472D8}.Release|x86.Build.0 = Release|Any CPU
	EndGlobalSection
	GlobalSection(NestedProjects) = preSolution
		{4F541C7C-5A34-40A5-A0C5-1BC9CE759E5F} = {7A1E6F33-78A6-4C60-89C6-BDD2F984ECFE}
		{0DF5D98B-4719-4936-99C5-786BB744DD9F} = {4F541C7C-5A34-40A5-A0C5-1BC9CE759E5F}
		{3CCAC100-4133-4778-82DA-8C0EF20B0DEE} = {7A1E6F33-78A6-4C60-89C6-BDD2F984ECFE}
		{5CE48931-5FA0-4C54-9194-0E761BF5A072} = {3CCAC100-4133-4778-82DA-8C0EF20B0DEE}
		{9BCFC265-05E1-4D0F-ADE7-C011A78864D7} = {7A1E6F33-78A6-4C60-89C6-BDD2F984ECFE}
		{41DA32B7-36C9-428A-8916-CB326377CBB8} = {9BCFC265-05E1-4D0F-ADE7-C011A78864D7}
		{7C064B03-5522-4806-9981-0F5527C67C32} = {3CCAC100-4133-4778-82DA-8C0EF20B0DEE}
		{65561A9C-8CE5-4D8E-815E-5E93A91346FC} = {3CCAC100-4133-4778-82DA-8C0EF20B0DEE}
		{63027254-E095-4F51-9BE3-4C1D0CA70ECE} = {3CCAC100-4133-4778-82DA-8C0EF20B0DEE}
		{41224071-07AC-42DE-A31C-D0D02E95861F} = {63027254-E095-4F51-9BE3-4C1D0CA70ECE}
		{46192E6E-4C5B-4473-84B1-D49C42963771} = {7A1E6F33-78A6-4C60-89C6-BDD2F984ECFE}
		{4E1B79F2-6354-4DE7-A7A1-CAD13115388D} = {46192E6E-4C5B-4473-84B1-D49C42963771}
		{23E28687-95CE-451F-824C-CF27BEE6AD70} = {9BCFC265-05E1-4D0F-ADE7-C011A78864D7}
		{6C2583E4-8D3B-4366-9D15-652E302FF236} = {23E28687-95CE-451F-824C-CF27BEE6AD70}
		{FDD68C8B-76D7-4108-8DEF-F8EE5F0793AE} = {9BCFC265-05E1-4D0F-ADE7-C011A78864D7}
		{88F6C2B5-8950-4929-9D74-12B9BEFE1EFC} = {FDD68C8B-76D7-4108-8DEF-F8EE5F0793AE}
		{718CCE54-0390-4DFA-A831-96B87F9FFF57} = {9BCFC265-05E1-4D0F-ADE7-C011A78864D7}
		{2698B4AE-00FB-431B-BCB6-EDE3C034FF7C} = {718CCE54-0390-4DFA-A831-96B87F9FFF57}
		{80771A2C-3D04-4802-BF67-6DC2C7225828} = {9BCFC265-05E1-4D0F-ADE7-C011A78864D7}
		{81A8B880-FF10-4455-A335-4F8F15822426} = {80771A2C-3D04-4802-BF67-6DC2C7225828}
		{8F9195E2-A97B-437C-BC5B-C987BAF5AE5B} = {9BCFC265-05E1-4D0F-ADE7-C011A78864D7}
		{8ED81B6E-7EA2-42DC-A731-7201C3F472D8} = {8F9195E2-A97B-437C-BC5B-C987BAF5AE5B}
	EndGlobalSection
EndGlobal
