
Microsoft Visual Studio Solution File, Format Version 12.00
# Visual Studio 15
VisualStudioVersion = 15.0.26124.0
MinimumVisualStudioVersion = 15.0.26124.0
Project("{2150E333-8FDC-42A3-9474-1A3956D46DE8}") = "Projects", "Projects", "{7A1E6F33-78A6-4C60-89C6-BDD2F984ECFE}"
EndProject
Project("{2150E333-8FDC-42A3-9474-1A3956D46DE8}") = "Presentation", "Presentation", "{4F541C7C-5A34-40A5-A0C5-1BC9CE759E5F}"
EndProject
Project("{FAE04EC0-301F-11D3-BF4B-00C04F79EFBC}") = "Console", "Projects\Presentation\Console\Console.csproj", "{0DF5D98B-4719-4936-99C5-786BB744DD9F}"
EndProject
Project("{2150E333-8FDC-42A3-9474-1A3956D46DE8}") = "Core", "Core", "{3CCAC100-4133-4778-82DA-8C0EF20B0DEE}"
EndProject
Project("{FAE04EC0-301F-11D3-BF4B-00C04F79EFBC}") = "DotNetScaffolder.Core.Common", "Projects\Core\Common\DotNetScaffolder.Core.Common.csproj", "{5CE48931-5FA0-4C54-9194-0E761BF5A072}"
EndProject
Project("{2150E333-8FDC-42A3-9474-1A3956D46DE8}") = "Components", "Components", "{9BCFC265-05E1-4D0F-ADE7-C011A78864D7}"
EndProject
Project("{FAE04EC0-301F-11D3-BF4B-00C04F79EFBC}") = "DotNetScaffolder.Components.Common", "Projects\Components\Common\DotNetScaffolder.Components.Common.csproj", "{41DA32B7-36C9-428A-8916-CB326377CBB8}"
EndProject
Global
	GlobalSection(SolutionConfigurationPlatforms) = preSolution
		Debug|Any CPU = Debug|Any CPU
		Debug|x64 = Debug|x64
		Debug|x86 = Debug|x86
		Release|Any CPU = Release|Any CPU
		Release|x64 = Release|x64
		Release|x86 = Release|x86
	EndGlobalSection
	GlobalSection(SolutionProperties) = preSolution
		HideSolutionNode = FALSE
	EndGlobalSection
	GlobalSection(ProjectConfigurationPlatforms) = postSolution
		{0DF5D98B-4719-4936-99C5-786BB744DD9F}.Debug|Any CPU.ActiveCfg = Debug|Any CPU
		{0DF5D98B-4719-4936-99C5-786BB744DD9F}.Debug|Any CPU.Build.0 = Debug|Any CPU
		{0DF5D98B-4719-4936-99C5-786BB744DD9F}.Debug|x64.ActiveCfg = Debug|Any CPU
		{0DF5D98B-4719-4936-99C5-786BB744DD9F}.Debug|x64.Build.0 = Debug|Any CPU
		{0DF5D98B-4719-4936-99C5-786BB744DD9F}.Debug|x86.ActiveCfg = Debug|Any CPU
		{0DF5D98B-4719-4936-99C5-786BB744DD9F}.Debug|x86.Build.0 = Debug|Any CPU
		{0DF5D98B-4719-4936-99C5-786BB744DD9F}.Release|Any CPU.ActiveCfg = Release|Any CPU
		{0DF5D98B-4719-4936-99C5-786BB744DD9F}.Release|Any CPU.Build.0 = Release|Any CPU
		{0DF5D98B-4719-4936-99C5-786BB744DD9F}.Release|x64.ActiveCfg = Release|Any CPU
		{0DF5D98B-4719-4936-99C5-786BB744DD9F}.Release|x64.Build.0 = Release|Any CPU
		{0DF5D98B-4719-4936-99C5-786BB744DD9F}.Release|x86.ActiveCfg = Release|Any CPU
		{0DF5D98B-4719-4936-99C5-786BB744DD9F}.Release|x86.Build.0 = Release|Any CPU
		{5CE48931-5FA0-4C54-9194-0E761BF5A072}.Debug|Any CPU.ActiveCfg = Debug|Any CPU
		{5CE48931-5FA0-4C54-9194-0E761BF5A072}.Debug|Any CPU.Build.0 = Debug|Any CPU
		{5CE48931-5FA0-4C54-9194-0E761BF5A072}.Debug|x64.ActiveCfg = Debug|Any CPU
		{5CE48931-5FA0-4C54-9194-0E761BF5A072}.Debug|x64.Build.0 = Debug|Any CPU
		{5CE48931-5FA0-4C54-9194-0E761BF5A072}.Debug|x86.ActiveCfg = Debug|Any CPU
		{5CE48931-5FA0-4C54-9194-0E761BF5A072}.Debug|x86.Build.0 = Debug|Any CPU
		{5CE48931-5FA0-4C54-9194-0E761BF5A072}.Release|Any CPU.ActiveCfg = Release|Any CPU
		{5CE48931-5FA0-4C54-9194-0E761BF5A072}.Release|Any CPU.Build.0 = Release|Any CPU
		{5CE48931-5FA0-4C54-9194-0E761BF5A072}.Release|x64.ActiveCfg = Release|Any CPU
		{5CE48931-5FA0-4C54-9194-0E761BF5A072}.Release|x64.Build.0 = Release|Any CPU
		{5CE48931-5FA0-4C54-9194-0E761BF5A072}.Release|x86.ActiveCfg = Release|Any CPU
		{5CE48931-5FA0-4C54-9194-0E761BF5A072}.Release|x86.Build.0 = Release|Any CPU
		{41DA32B7-36C9-428A-8916-CB326377CBB8}.Debug|Any CPU.ActiveCfg = Debug|Any CPU
		{41DA32B7-36C9-428A-8916-CB326377CBB8}.Debug|Any CPU.Build.0 = Debug|Any CPU
		{41DA32B7-36C9-428A-8916-CB326377CBB8}.Debug|x64.ActiveCfg = Debug|Any CPU
		{41DA32B7-36C9-428A-8916-CB326377CBB8}.Debug|x64.Build.0 = Debug|Any CPU
		{41DA32B7-36C9-428A-8916-CB326377CBB8}.Debug|x86.ActiveCfg = Debug|Any CPU
		{41DA32B7-36C9-428A-8916-CB326377CBB8}.Debug|x86.Build.0 = Debug|Any CPU
		{41DA32B7-36C9-428A-8916-CB326377CBB8}.Release|Any CPU.ActiveCfg = Release|Any CPU
		{41DA32B7-36C9-428A-8916-CB326377CBB8}.Release|Any CPU.Build.0 = Release|Any CPU
		{41DA32B7-36C9-428A-8916-CB326377CBB8}.Release|x64.ActiveCfg = Release|Any CPU
		{41DA32B7-36C9-428A-8916-CB326377CBB8}.Release|x64.Build.0 = Release|Any CPU
		{41DA32B7-36C9-428A-8916-CB326377CBB8}.Release|x86.ActiveCfg = Release|Any CPU
		{41DA32B7-36C9-428A-8916-CB326377CBB8}.Release|x86.Build.0 = Release|Any CPU
	EndGlobalSection
	GlobalSection(NestedProjects) = preSolution
		{4F541C7C-5A34-40A5-A0C5-1BC9CE759E5F} = {7A1E6F33-78A6-4C60-89C6-BDD2F984ECFE}
		{0DF5D98B-4719-4936-99C5-786BB744DD9F} = {4F541C7C-5A34-40A5-A0C5-1BC9CE759E5F}
		{3CCAC100-4133-4778-82DA-8C0EF20B0DEE} = {7A1E6F33-78A6-4C60-89C6-BDD2F984ECFE}
		{5CE48931-5FA0-4C54-9194-0E761BF5A072} = {3CCAC100-4133-4778-82DA-8C0EF20B0DEE}
		{9BCFC265-05E1-4D0F-ADE7-C011A78864D7} = {7A1E6F33-78A6-4C60-89C6-BDD2F984ECFE}
		{41DA32B7-36C9-428A-8916-CB326377CBB8} = {9BCFC265-05E1-4D0F-ADE7-C011A78864D7}
	EndGlobalSection
EndGlobal
